<Solution>
  <Folder Name="/Connectors/">
    <Project Path="../Connectors/ActivFinancial/ActivFinancial.csproj" />
    <Project Path="../Connectors/Aerodrome/Aerodrome.csproj" />
    <Project Path="../Connectors/Aevo/Aevo.csproj" />
    <Project Path="../Connectors/AlgoSeek/AlgoSeek.csproj" />
    <Project Path="../Connectors/AliceBlue/AliceBlue.csproj" />
    <Project Path="../Connectors/Alor/Alor.csproj" />
    <Project Path="../Connectors/AlorHistory/AlorHistory.csproj" />
    <Project Path="../Connectors/Alpaca/Alpaca.csproj" />
    <Project Path="../Connectors/AlphaVantage/AlphaVantage.csproj" />
    <Project Path="../Connectors/Amberdata/Amberdata.csproj" />
    <Project Path="../Connectors/Anchorage/Anchorage.csproj" />
    <Project Path="../Connectors/AngelOne/AngelOne.csproj" />
    <Project Path="../Connectors/ApexOmni/ApexOmni.csproj" />
    <Project Path="../Connectors/Aster/Aster.csproj" />
    <Project Path="../Connectors/Avantis/Avantis.csproj" />
    <Project Path="../Connectors/Backpack/Backpack.csproj" />
    <Project Path="../Connectors/Balancer/Balancer.csproj" />
    <Project Path="../Connectors/BarChart/BarChart.csproj" />
    <Project Path="../Connectors/Benzinga/Benzinga.csproj" />
    <Project Path="../Connectors/Bibox/Bibox.csproj" />
    <Project Path="../Connectors/Binance/Binance.csproj" />
    <Project Path="../Connectors/BingX/BingX.csproj" />
    <Project Path="../Connectors/Bitalong/Bitalong.csproj" />
    <Project Path="../Connectors/Bitbank/Bitbank.csproj" />
    <Project Path="../Connectors/Bitexbook/Bitexbook.csproj" />
    <Project Path="../Connectors/Bitfinex/Bitfinex.csproj" />
    <Project Path="../Connectors/BitFlyer/BitFlyer.csproj" />
    <Project Path="../Connectors/Bitget/Bitget.csproj" />
    <Project Path="../Connectors/BitGo/BitGo.csproj" />
    <Project Path="../Connectors/Bithumb/Bithumb.csproj" />
    <Project Path="../Connectors/Bitkub/Bitkub.csproj" />
    <Project Path="../Connectors/Bitmart/Bitmart.csproj" />
    <Project Path="../Connectors/Bitmex/Bitmex.csproj" />
    <Project Path="../Connectors/BitpandaFusion/BitpandaFusion.csproj" />
    <Project Path="../Connectors/Bitrue/Bitrue.csproj" />
    <Project Path="../Connectors/Bitso/Bitso.csproj" />
    <Project Path="../Connectors/BitStamp/BitStamp.csproj" />
    <Project Path="../Connectors/Bittrex/Bittrex.csproj" />
    <Project Path="../Connectors/Bitunix/Bitunix.csproj" />
    <Project Path="../Connectors/Bitvavo/Bitvavo.csproj" />
    <Project Path="../Connectors/BloFin/BloFin.csproj" />
    <Project Path="../Connectors/Bloomberg/Bloomberg.csproj" />
    <Project Path="../Connectors/Bluefin/Bluefin.csproj" />
    <Project Path="../Connectors/Bmll/Bmll.csproj" />
    <Project Path="../Connectors/Breeze/Breeze.csproj" />
    <Project Path="../Connectors/Btce/Btce.csproj" />
    <Project Path="../Connectors/BTCMarkets/BTCMarkets.csproj" />
    <Project Path="../Connectors/BTSE/BTSE.csproj" />
    <Project Path="../Connectors/Bullish/Bullish.csproj" />
    <Project Path="../Connectors/ByBit/ByBit.csproj" />
    <Project Path="../Connectors/BYDFi/BYDFi.csproj" />
    <Project Path="../Connectors/CapitalCom/CapitalCom.csproj" />
    <Project Path="../Connectors/CapitalFutures/CapitalFutures.csproj" />
    <Project Path="../Connectors/CboeDataShop/CboeDataShop.csproj" />
    <Project Path="../Connectors/Cetus/Cetus.csproj" />
    <Project Path="../Connectors/Cex/Cex.csproj" />
    <Project Path="../Connectors/ChainlinkDataStreams/ChainlinkDataStreams.csproj" />
    <Project Path="../Connectors/CoinApi/CoinApi.csproj" />
    <Project Path="../Connectors/Coinbase/Coinbase.csproj" />
    <Project Path="../Connectors/CoinCap/CoinCap.csproj" />
    <Project Path="../Connectors/Coincheck/Coincheck.csproj" />
    <Project Path="../Connectors/CoinDCX/CoinDCX.csproj" />
    <Project Path="../Connectors/CoinEx/CoinEx.csproj" />
    <Project Path="../Connectors/CoinGecko/CoinGecko.csproj" />
    <Project Path="../Connectors/Coinhako/Coinhako.csproj" />
    <Project Path="../Connectors/Coinigy/Coinigy.csproj" />
    <Project Path="../Connectors/CoinJar/CoinJar.csproj" />
    <Project Path="../Connectors/CoinMarketCap/CoinMarketCap.csproj" />
    <Project Path="../Connectors/CoinMetrics/CoinMetrics.csproj" />
    <Project Path="../Connectors/Coinone/Coinone.csproj" />
    <Project Path="../Connectors/CoinsPh/CoinsPh.csproj" />
    <Project Path="../Connectors/CoinW/CoinW.csproj" />
    <Project Path="../Connectors/Copper/Copper.csproj" />
    <Project Path="../Connectors/CowProtocol/CowProtocol.csproj" />
    <Project Path="../Connectors/CQG/CQG.csproj" />
    <Project Path="../Connectors/CryptoCom/CryptoCom.csproj" />
    <Project Path="../Connectors/CryptoQuant/CryptoQuant.csproj" />
    <Project Path="../Connectors/CSV/CSV.csproj" />
    <Project Path="../Connectors/CTP/Ctp.csproj" />
    <Project Path="../Connectors/cTrader/cTrader.csproj" />
    <Project Path="../Connectors/Curve/Curve.csproj" />
    <Project Path="../Connectors/Daishin/Daishin.csproj" />
    <Project Path="../Connectors/Databento/Databento.csproj" />
    <Project Path="../Connectors/Deepcoin/Deepcoin.csproj" />
    <Project Path="../Connectors/Deribit/Deribit.csproj" />
    <Project Path="../Connectors/Deriv/Deriv.csproj" />
    <Project Path="../Connectors/Dhan/Dhan.csproj" />
    <Project Path="../Connectors/Digifinex/Digifinex.csproj" />
    <Project Path="../Connectors/DowJones/DowJones.csproj" />
    <Project Path="../Connectors/Drift/Drift.csproj" />
    <Project Path="../Connectors/DukasCopyLive/DukasCopyLive.csproj" />
    <Project Path="../Connectors/DxFeed/DxFeed.csproj" />
    <Project Path="../Connectors/DXtrade/DXtrade.csproj" />
    <Project Path="../Connectors/DydxChain/DydxChain.csproj" />
    <Project Path="../Connectors/edgeX/EdgeX.csproj" />
    <Project Path="../Connectors/EodHistoricalData/EodHistoricalData.csproj" />
    <Project Path="../Connectors/Etoro/Etoro.csproj" />
    <Project Path="../Connectors/ETrade/ETrade.csproj" />
    <Project Path="../Connectors/Exegy/Exegy.csproj" />
    <Project Path="../Connectors/Exmo/Exmo.csproj" />
    <Project Path="../Connectors/Extended/Extended.csproj" />
    <Project Path="../Connectors/FactSet/FactSet.csproj" />
    <Project Path="../Connectors/FalconX/FalconX.csproj" />
    <Project Path="../Connectors/FinancialModelingPrep/FinancialModelingPrep.csproj" />
    <Project Path="../Connectors/Finnhub/Finnhub.csproj" />
    <Project Path="../Connectors/Fireblocks/Fireblocks.csproj" />
    <Project Path="../Connectors/FivePaisa/FivePaisa.csproj" />
    <Project Path="../Connectors/Flattrade/Flattrade.csproj" />
    <Project Path="../Connectors/FluidDex/FluidDex.csproj" />
    <Project Path="../Connectors/Foxbit/Foxbit.csproj" />
    <Project Path="../Connectors/FTX/FTX.csproj" />
    <Project Path="../Connectors/FubonNeo/FubonNeo.csproj" />
    <Project Path="../Connectors/Fugle/Fugle.csproj" />
    <Project Path="../Connectors/Fxcm/Fxcm.csproj" />
    <Project Path="../Connectors/FXOpen/FXOpen.csproj" />
    <Project Path="../Connectors/Fyers/Fyers.csproj" />
    <Project Path="../Connectors/GainsNetwork/GainsNetwork.csproj" />
    <Project Path="../Connectors/GateIO/GateIO.csproj" />
    <Project Path="../Connectors/Gemini/Gemini.csproj" />
    <Project Path="../Connectors/Glassnode/Glassnode.csproj" />
    <Project Path="../Connectors/GmoCoin/GmoCoin.csproj" />
    <Project Path="../Connectors/GMTrade/GMTrade.csproj" />
    <Project Path="../Connectors/Gmx/Gmx.csproj" />
    <Project Path="../Connectors/Gopax/Gopax.csproj" />
    <Project Path="../Connectors/Groww/Groww.csproj" />
    <Project Path="../Connectors/Grvt/Grvt.csproj" />
    <Project Path="../Connectors/HashKey/HashKey.csproj" />
    <Project Path="../Connectors/HitBtc/HitBtc.csproj" />
    <Project Path="../Connectors/Huobi/Huobi.csproj" />
    <Project Path="../Connectors/Hyperliquid/Hyperliquid.csproj" />
    <Project Path="../Connectors/IG/IG.csproj" />
    <Project Path="../Connectors/IndependentReserve/IndependentReserve.csproj" />
    <Project Path="../Connectors/Indodax/Indodax.csproj" />
    <Project Path="../Connectors/Injective/Injective.csproj" />
    <Project Path="../Connectors/InteractiveBrokers/InteractiveBrokers.csproj" />
    <Project Path="../Connectors/Intrinio/Intrinio.csproj" />
    <Project Path="../Connectors/IQFeed/IQFeed.csproj" />
    <Project Path="../Connectors/JpmDataQuery/JpmDataQuery.csproj" />
    <Project Path="../Connectors/Jupiter/Jupiter.csproj" />
    <Project Path="../Connectors/KabuStation/KabuStation.csproj" />
    <Project Path="../Connectors/Kaiko/Kaiko.csproj" />
    <Project Path="../Connectors/Kalshi/Kalshi.csproj" />
    <Project Path="../Connectors/Kiwoom/Kiwoom.csproj" />
    <Project Path="../Connectors/Korbit/Korbit.csproj" />
    <Project Path="../Connectors/KoreaInvestment/KoreaInvestment.csproj" />
    <Project Path="../Connectors/KotakNeo/KotakNeo.csproj" />
    <Project Path="../Connectors/Kraken/Kraken.csproj" />
    <Project Path="../Connectors/Kucoin/Kucoin.csproj" />
    <Project Path="../Connectors/Latoken/Latoken.csproj" />
    <Project Path="../Connectors/LBank/LBank.csproj" />
    <Project Path="../Connectors/LemonMarkets/LemonMarkets.csproj" />
    <Project Path="../Connectors/Lfj/Lfj.csproj" />
    <Project Path="../Connectors/Ligther/Ligther.csproj" />
    <Project Path="../Connectors/Lime/Lime.csproj" />
    <Project Path="../Connectors/LMAX/LMAX.csproj" />
    <Project Path="../Connectors/Longbridge/Longbridge.csproj" />
    <Project Path="../Connectors/LsegRealTime/LsegRealTime.csproj" />
    <Project Path="../Connectors/LsSecurities/LsSecurities.csproj" />
    <Project Path="../Connectors/Luno/Luno.csproj" />
    <Project Path="../Connectors/ManifestTrade/ManifestTrade.csproj" />
    <Project Path="../Connectors/Marketstack/Marketstack.csproj" />
    <Project Path="../Connectors/Marquee/Marquee.csproj" />
    <Project Path="../Connectors/MatchTrader/MatchTrader.csproj" />
    <Project Path="../Connectors/MercadoBitcoin/MercadoBitcoin.csproj" />
    <Project Path="../Connectors/MetaApi/MetaApi.csproj" />
    <Project Path="../Connectors/Meteora/Meteora.csproj" />
    <Project Path="../Connectors/Mexc/Mexc.csproj" />
    <Project Path="../Connectors/MiraeSharekhan/MiraeSharekhan.csproj" />
    <Project Path="../Connectors/MoexISS/MoexISS.csproj" />
    <Project Path="../Connectors/MoexLchi/MoexLchi.csproj" />
    <Project Path="../Connectors/Moomoo/Moomoo.csproj" />
    <Project Path="../Connectors/Morningstar/Morningstar.csproj" />
    <Project Path="../Connectors/MotilalOswal/MotilalOswal.csproj" />
    <Project Path="../Connectors/MtNewswires/MtNewswires.csproj" />
    <Project Path="../Connectors/Nado/Nado.csproj" />
    <Project Path="../Connectors/NasdaqCloudDataService/NasdaqCloudDataService.csproj" />
    <Project Path="../Connectors/NasdaqDataLink/NasdaqDataLink.csproj" />
    <Project Path="../Connectors/NDAX/NDAX.csproj" />
    <Project Path="../Connectors/NinjaTrader/NinjaTrader.csproj" />
    <Project Path="../Connectors/Oanda/Oanda.csproj" />
    <Project Path="../Connectors/Okex/Okex.csproj" />
    <Project Path="../Connectors/OkexHistory/OkexHistory.csproj" />
    <Project Path="../Connectors/OneInch/OneInch.csproj" />
    <Project Path="../Connectors/OpenMarkets/OpenMarkets.csproj" />
    <Project Path="../Connectors/OptionMetrics/OptionMetrics.csproj" />
    <Project Path="../Connectors/Orats/Orats.csproj" />
    <Project Path="../Connectors/Orca/Orca.csproj" />
    <Project Path="../Connectors/OrderlyNetwork/OrderlyNetwork.csproj" />
    <Project Path="../Connectors/OSL/OSL.csproj" />
    <Project Path="../Connectors/Osmosis/Osmosis.csproj" />
    <Project Path="../Connectors/Ostium/Ostium.csproj" />
    <Project Path="../Connectors/Ourbit/Ourbit.csproj" />
    <Project Path="../Connectors/Pacifica/Pacifica.csproj" />
    <Project Path="../Connectors/PancakeSwap/PancakeSwap.csproj" />
    <Project Path="../Connectors/Paradex/Paradex.csproj" />
    <Project Path="../Connectors/Paxos/Paxos.csproj" />
    <Project Path="../Connectors/Phemex/Phemex.csproj" />
    <Project Path="../Connectors/PhillipPoems/PhillipPoems.csproj" />
    <Project Path="../Connectors/PintuPro/PintuPro.csproj" />
    <Project Path="../Connectors/Pionex/Pionex.csproj" />
    <Project Path="../Connectors/Poloniex/Poloniex.csproj" />
    <Project Path="../Connectors/PolygonIO/PolygonIO.csproj" />
    <Project Path="../Connectors/Polymarket/Polymarket.csproj" />
    <Project Path="../Connectors/PrizmBit/PrizmBit.csproj" />
    <Project Path="../Connectors/ProBit/ProBit.csproj" />
    <Project Path="../Connectors/Public/Public.csproj" />
    <Project Path="../Connectors/PumpSwap/PumpSwap.csproj" />
    <Project Path="../Connectors/Pyth/Pyth.csproj" />
    <Project Path="../Connectors/QFEX/QFEX.csproj" />
    <Project Path="../Connectors/Qmt/Qmt.csproj" />
    <Project Path="../Connectors/QuantFeed/QuantFeed.csproj" />
    <Project Path="../Connectors/Questrade/Questrade.csproj" />
    <Project Path="../Connectors/QuickSwap/QuickSwap.csproj" />
    <Project Path="../Connectors/Quodd/Quodd.csproj" />
    <Project Path="../Connectors/Rain/Rain.csproj" />
    <Project Path="../Connectors/RakutenRss/RakutenRss.csproj" />
    <Project Path="../Connectors/RavenPack/RavenPack.csproj" />
    <Project Path="../Connectors/Raydium/Raydium.csproj" />
    <Project Path="../Connectors/Reya/Reya.csproj" />
    <Project Path="../Connectors/Rithmic/Rithmic.csproj" />
    <Project Path="../Connectors/Robinhood/Robinhood.csproj" />
    <Project Path="../Connectors/Rss/Rss.csproj" />
    <Project Path="../Connectors/Saxo/Saxo.csproj" />
    <Project Path="../Connectors/Schwab/Schwab.csproj" />
    <Project Path="../Connectors/Shioaji/Shioaji.csproj" />
    <Project Path="../Connectors/Shoonya/Shoonya.csproj" />
    <Project Path="../Connectors/SierraChartDtc/SierraChartDtc.csproj" />
    <Project Path="../Connectors/SnapTrade/SnapTrade.csproj" />
    <Project Path="../Connectors/SpGlobal/SpGlobal.csproj" />
    <Project Path="../Connectors/StandX/StandX.csproj" />
    <Project Path="../Connectors/StocksTrader/StocksTrader.csproj" />
    <Project Path="../Connectors/SunIo/SunIo.csproj" />
    <Project Path="../Connectors/Swissquote/Swissquote.csproj" />
    <Project Path="../Connectors/SynFutures/SynFutures.csproj" />
    <Project Path="../Connectors/Synthetix/Synthetix.csproj" />
    <Project Path="../Connectors/Talos/Talos.csproj" />
    <Project Path="../Connectors/Tapbit/Tapbit.csproj" />
    <Project Path="../Connectors/Tardis/Tardis.csproj" />
    <Project Path="../Connectors/TastyTrade/TastyTrade.csproj" />
    <Project Path="../Connectors/ThetaData/ThetaData.csproj" />
    <Project Path="../Connectors/THORChain/THORChain.csproj" />
    <Project Path="../Connectors/TigerBrokers/TigerBrokers.csproj" />
    <Project Path="../Connectors/Tiingo/Tiingo.csproj" />
    <Project Path="../Connectors/Tinkoff/Tinkoff.csproj" />
    <Project Path="../Connectors/Toobit/Toobit.csproj" />
    <Project Path="../Connectors/TradeLocker/TradeLocker.csproj" />
    <Project Path="../Connectors/TradeOgre/TradeOgre.csproj" />
    <Project Path="../Connectors/TradeStation/TradeStation.csproj" />
    <Project Path="../Connectors/TradeZero/TradeZero.csproj" />
    <Project Path="../Connectors/Tradier/Tradier.csproj" />
    <Project Path="../Connectors/Trading212/Trading212.csproj" />
    <Project Path="../Connectors/TradingTechnologies/TradingTechnologies.csproj" />
    <Project Path="../Connectors/Tradovate/Tradovate.csproj" />
    <Project Path="../Connectors/TwelveData/TwelveData.csproj" />
    <Project Path="../Connectors/Uniswap/Uniswap.csproj" />
    <Project Path="../Connectors/Upbit/Upbit.csproj" />
    <Project Path="../Connectors/Upstox/Upstox.csproj" />
    <Project Path="../Connectors/Usmart/Usmart.csproj" />
    <Project Path="../Connectors/VALR/VALR.csproj" />
    <Project Path="../Connectors/VariationalOmni/VariationalOmni.csproj" />
    <Project Path="../Connectors/VeloData/VeloData.csproj" />
    <Project Path="../Connectors/Webull/Webull.csproj" />
    <Project Path="../Connectors/Weex/Weex.csproj" />
    <Project Path="../Connectors/WhiteBit/WhiteBit.csproj" />
    <Project Path="../Connectors/WooX/WooX.csproj" />
    <Project Path="../Connectors/XOpenHub/XOpenHub.csproj" />
    <Project Path="../Connectors/Xt/Xt.csproj" />
    <Project Path="../Connectors/Xtp/Xtp.csproj" />
    <Project Path="../Connectors/Yobit/Yobit.csproj" />
    <Project Path="../Connectors/Yuanta/Yuanta.csproj" />
    <Project Path="../Connectors/Zaif/Zaif.csproj" />
    <Project Path="../Connectors/ZB/ZB.csproj" />
    <Project Path="../Connectors/Zerodha/Zerodha.csproj" />
    <Project Path="../Connectors/ZeroHash/ZeroHash.csproj" />
    <Project Path="../Connectors/Zoomex/Zoomex.csproj" />
  </Folder>
  <Folder Name="/Samples/" />
  <Folder Name="/Samples/01_Basic/">
    <Project Path="Samples/01_Basic/01_ConnectAndDownloadInstruments/01_Basic.ConnectAndDownloadInstruments.csproj" />
    <Project Path="Samples/01_Basic/02_MarketDepths/02_Basic.MarketDepths.csproj" />
    <Project Path="Samples/01_Basic/03_Orders/03_Basic.Orders.csproj" />
  </Folder>
  <Folder Name="/Samples/02_Candles/">
    <Project Path="Samples/02_Candles/01_Realtime/01_Candles.Realtime.csproj" />
    <Project Path="Samples/02_Candles/02_CombineHistoryRealtime/02_Candles.CombineHistoryRealtime.csproj" />
  </Folder>
  <Folder Name="/Samples/03_Storage/">
    <Project Path="Samples/03_Storage/01_Random/01_Storage.Random.csproj" />
    <Project Path="Samples/03_Storage/02_Local/02_Storage.Local.csproj" />
    <Project Path="Samples/03_Storage/03_RemoteSource/03_Storage.RemoteSource.csproj" />
    <Project Path="Samples/03_Storage/04_HydraServerConnect/04_Storage.HydraServerConnect.csproj" />
    <Project Path="Samples/03_Storage/05_HydraServerSaveToLocal/05_Storage.HydraServerSaveToLocal.csproj" />
  </Folder>
  <Folder Name="/Samples/04_Indicators/">
    <Project Path="Samples/04_Indicators/01_SimpleSMA/01_Indicators.SimpleSMA.csproj" />
    <Project Path="Samples/04_Indicators/02_ComplexBollinger/02_Indicators.ComplexBollinger.csproj" />
    <Project Path="Samples/04_Indicators/03_CreateOwn/03_Indicators.CreateOwn.csproj" />
  </Folder>
  <Folder Name="/Samples/05_Chart/">
    <Project Path="Samples/05_Chart/01_Chart/01_Chart.csproj" />
    <Project Path="Samples/05_Chart/02_ActiveOrders/02_Chart.ActiveOrders.csproj" />
    <Project Path="Samples/05_Chart/03_Performance/03_Chart.Performance.csproj" />
  </Folder>
  <Folder Name="/Samples/06_Strategies/">
    <Project Path="Samples/06_Strategies/01_HistorySMA/01_Strategies.HistorySMA.csproj" />
    <Project Path="Samples/06_Strategies/02_HistoryBollingerBands/02_Strategies.HistoryBollingerBands.csproj" />
    <Project Path="Samples/06_Strategies/03_HistoryTrend/03_Strategies.HistoryTrend.csproj" />
    <Project Path="Samples/06_Strategies/04_HistoryMarketRule/04_Strategies.HistoryMarketRule.csproj" />
    <Project Path="Samples/06_Strategies/05_HistoryIndex/05_Strategies.HistoryIndex.csproj" />
    <Project Path="Samples/06_Strategies/06_HistoryQuoting/06_Strategies.HistoryQuoting.csproj" />
    <Project Path="Samples/06_Strategies/07_LiveSpread/07_Strategies.LiveSpread.csproj" />
    <Project Path="Samples/06_Strategies/08_LiveArbitrage/08_Strategies.LiveArbitrage.csproj" />
    <Project Path="Samples/06_Strategies/09_LiveOptionsQuoting/09_Strategies.LiveOptionsQuoting.csproj" />
    <Project Path="Samples/06_Strategies/10_LiveTerminal/10_Strategies.LiveTerminal.csproj" />
  </Folder>
  <Folder Name="/Samples/07_Testing/">
    <Project Path="Samples/07_Testing/01_History/01_Testing.History.csproj" />
    <Project Path="Samples/07_Testing/02_Optimization/02_Testing.Optimization.csproj" />
    <Project Path="Samples/07_Testing/03_RealTime/03_Testing.RealTime.csproj" />
    <Project Path="Samples/07_Testing/04_HistoryConsole/04_Testing.HistoryConsole.csproj" />
  </Folder>
  <Folder Name="/Samples/08_Misc/">
    <Project Path="Samples/08_Misc/01_Logging/01_Misc.Logging.csproj" />
    <Project Path="Samples/08_Misc/02_Unit/02_Misc.Unit.csproj" />
  </Folder>
  <Folder Name="/Samples/09_Advanced/">
    <Project Path="Samples/09_Advanced/01_MultiConnect/01_Advanced.MultiConnect.csproj" />
    <Project Path="Samples/09_Advanced/02_StoreDataLocal/02_Advanced.SaveDataLocal.csproj" />
  </Folder>
  <Folder Name="/Samples/10_CrossPlatform/">
    <Project Path="Samples/10_CrossPlatform/01_ConsoleApp/01_CrossPlatform.ConsoleApp.csproj" />
  </Folder>
  <Project Path="Alerts.Interfaces/Alerts.Interfaces.csproj" />
  <Project Path="Algo.Analytics.CSharp/Algo.Analytics.CSharp.csproj" />
  <Project Path="Algo.Analytics.FSharp/Algo.Analytics.FSharp.fsproj" />
  <Project Path="Algo.Analytics/Algo.Analytics.csproj" />
  <Project Path="Algo.Compilation/Algo.Compilation.csproj" />
  <Project Path="Algo.Export/Algo.Export.csproj" />
  <Project Path="Algo.Gpu/Algo.Gpu.csproj" />
  <Project Path="Algo.Import/Algo.Import.csproj" />
  <Project Path="Algo.Indicators/Algo.Indicators.csproj" />
  <Project Path="Algo.Strategies/Algo.Strategies.csproj" />
  <Project Path="Algo.Testing/Algo.Testing.csproj" />
  <Project Path="MatchingEngine/MatchingEngine.csproj" />
  <Project Path="Algo/Algo.csproj" />
  <Project Path="BusinessEntities/BusinessEntities.csproj" />
  <Project Path="Charting.Interfaces/Charting.Interfaces.csproj" />
  <Project Path="Configuration/Configuration.csproj" />
  <Project Path="Diagram.Core/Diagram.Core.csproj" />
  <Project Path="Localization.Generator/Localization.Generator.csproj" />
  <Project Path="Localization/Localization.csproj" />
  <Project Path="Media.Generator/Media.Generator.csproj" />
  <Project Path="Media.Names/Media.Names.csproj" />
  <Project Path="Media/Media.csproj" />
  <Project Path="Messages/Messages.csproj" />
  <Project Path="Reporting/Reporting.csproj" />
  <Project Path="Tests/Tests.csproj" />
</Solution>
