Microsoft Visual Studio Solution File, Format Version 12.00
# Visual Studio Version 17
VisualStudioVersion = 17.3.32804.467
MinimumVisualStudioVersion = 10.0.40219.1
Project("{9A19103F-16F7-4668-BE54-9A1E7A4F7556}") = "Algo", "Algo\Algo.csproj", "{2A5C6FAD-106C-4A4A-B602-77A6B1034CA2}"
EndProject
Project("{9A19103F-16F7-4668-BE54-9A1E7A4F7556}") = "BusinessEntities", "BusinessEntities\BusinessEntities.csproj", "{DCE69DB8-53CA-4B7F-9368-02F175A31074}"
EndProject
Project("{9A19103F-16F7-4668-BE54-9A1E7A4F7556}") = "Localization", "Localization\Localization.csproj", "{A98A81CE-75A1-4FAB-9C02-E6EEF4B51F4F}"
EndProject
Project("{9A19103F-16F7-4668-BE54-9A1E7A4F7556}") = "Logging", "Logging\Logging.csproj", "{C4476ADD-A3D5-41BB-9D43-55D865863B78}"
EndProject
Project("{9A19103F-16F7-4668-BE54-9A1E7A4F7556}") = "Messages", "Messages\Messages.csproj", "{B47F9C23-A4BD-46A9-BF27-54CB3D653503}"
EndProject
Project("{2150E333-8FDC-42A3-9474-1A3956D46DE8}") = "Samples", "Samples", "{9990074D-A630-405C-BEA6-71B521D8DDA5}"
EndProject
Project("{2150E333-8FDC-42A3-9474-1A3956D46DE8}") = "Misc", "Misc", "{880DD952-EC23-463F-BC5B-E92B47BB2041}"
EndProject
Project("{2150E333-8FDC-42A3-9474-1A3956D46DE8}") = "Testing", "Testing", "{AE4A1640-9963-41C6-9F1F-CABDF10C0A4E}"
EndProject
Project("{9A19103F-16F7-4668-BE54-9A1E7A4F7556}") = "SampleConnectionWithStorageGitHub", "Samples\Connectors\SampleConnectionWithStorage\SampleConnectionWithStorageGitHub.csproj", "{DDEE1CE2-7283-4394-8FCF-514E8581F10F}"
EndProject
Project("{9A19103F-16F7-4668-BE54-9A1E7A4F7556}") = "SampleStrategiesGitHub", "Samples\Misc\SampleStrategies\SampleStrategiesGitHub.csproj", "{04A22C35-9D49-41FA-9E09-881680D658AF}"
EndProject
Project("{9A19103F-16F7-4668-BE54-9A1E7A4F7556}") = "SampleStorageGitHub", "Samples\Misc\SampleStorage\SampleStorageGitHub.csproj", "{9E39C9C9-C05C-4D79-ADAA-22C287E02F78}"
EndProject
Project("{9A19103F-16F7-4668-BE54-9A1E7A4F7556}") = "SampleUnitGitHub", "Samples\Misc\SampleUnit\SampleUnitGitHub.csproj", "{D51477D2-F3E1-46ED-8B2B-C66E0881CA8D}"
EndProject
Project("{9A19103F-16F7-4668-BE54-9A1E7A4F7556}") = "SampleOptionQuotingGitHub", "Samples\Misc\SampleOptionQuoting\SampleOptionQuotingGitHub.csproj", "{3A39B4AA-55BC-4E74-8F2D-27CDD67B7E13}"
EndProject
Project("{9A19103F-16F7-4668-BE54-9A1E7A4F7556}") = "SampleHistoryTestingGitHub", "Samples\Testing\SampleHistoryTesting\SampleHistoryTestingGitHub.csproj", "{20A454D0-A030-4266-80C0-D7CB07CE6876}"
EndProject
Project("{9A19103F-16F7-4668-BE54-9A1E7A4F7556}") = "SampleHistoryTestingParallelGitHub", "Samples\Testing\SampleHistoryTestingParallel\SampleHistoryTestingParallelGitHub.csproj", "{6D7AC972-0EE2-44A8-B259-6C2046202670}"
EndProject
Project("{9A19103F-16F7-4668-BE54-9A1E7A4F7556}") = "SampleRealTimeEmulationGitHub", "Samples\Testing\SampleRealTimeEmulation\SampleRealTimeEmulationGitHub.csproj", "{2AFA8980-ACE8-4C5C-9D7C-7DE0D9C276F2}"
EndProject
Project("{9A19103F-16F7-4668-BE54-9A1E7A4F7556}") = "SampleLoggingGitHub", "Samples\Misc\SampleLogging\SampleLoggingGitHub.csproj", "{FE5CE31E-0461-410F-874F-65EDE074C89C}"
EndProject
Project("{2150E333-8FDC-42A3-9474-1A3956D46DE8}") = "Chart", "Chart", "{223279C5-1EB1-4978-B9AC-152A1C1D563E}"
EndProject
Project("{9A19103F-16F7-4668-BE54-9A1E7A4F7556}") = "SampleChartGitHub", "Samples\Chart\SampleChart\SampleChartGitHub.csproj", "{8B430A27-B392-4129-9AA2-731A52427E40}"
EndProject
Project("{9A19103F-16F7-4668-BE54-9A1E7A4F7556}") = "SampleChartPerformanceGitHub", "Samples\Chart\SampleChartPerformance\SampleChartPerformanceGitHub.csproj", "{81A84C3B-EC88-4746-AA4D-247DD1F66EB6}"
EndProject
Project("{9A19103F-16F7-4668-BE54-9A1E7A4F7556}") = "SampleChartActiveOrdersGitHub", "Samples\Chart\SampleChartActiveOrders\SampleChartActiveOrdersGitHub.csproj", "{B50ADCF8-CD33-46BE-902D-359A4EDFECA7}"
EndProject
Project("{2150E333-8FDC-42A3-9474-1A3956D46DE8}") = "Connectors", "Connectors", "{95016DD0-E34D-4006-9EBF-7048C5F35E04}"
EndProject
Project("{9A19103F-16F7-4668-BE54-9A1E7A4F7556}") = "SampleConnectionGitHub", "Samples\Connectors\SampleConnection\SampleConnectionGitHub.csproj", "{9E26FE45-AE68-4374-8A2F-94E43BD8400F}"
EndProject
Project("{9A19103F-16F7-4668-BE54-9A1E7A4F7556}") = "Media", "Media\Media.csproj", "{A1A5C8E7-0BA6-4D8C-8FB2-93424A94E5D4}"
EndProject
Project("{9A19103F-16F7-4668-BE54-9A1E7A4F7556}") = "Configuration", "Configuration\Configuration.csproj", "{2CFF1903-4EF5-46F8-AB5D-BB623CA75CE6}"
EndProject
Project("{9A19103F-16F7-4668-BE54-9A1E7A4F7556}") = "Alerts.Interfaces", "Alerts.Interfaces\Alerts.Interfaces.csproj", "{43DFFE65-4AB7-4C21-8F2E-F05F86B70BC0}"
EndProject
Project("{9A19103F-16F7-4668-BE54-9A1E7A4F7556}") = "Charting.Interfaces", "Charting.Interfaces\Charting.Interfaces.csproj", "{44953EAC-4E10-4680-BAF3-B4C67F638331}"
EndProject
Project("{9A19103F-16F7-4668-BE54-9A1E7A4F7556}") = "Localization.Generator", "Localization.Generator\Localization.Generator.csproj", "{FCD1242A-B4BF-4D17-AB8D-DAEB891704C8}"
EndProject
Project("{9A19103F-16F7-4668-BE54-9A1E7A4F7556}") = "Algo.Export", "Algo.Export\Algo.Export.csproj", "{D5A9DBB4-8732-412B-989E-ACFAAA275E4B}"
EndProject
Project("{2150E333-8FDC-42A3-9474-1A3956D46DE8}") = "Connectors", "Connectors", "{7F7B05F0-13D7-4087-92FE-0E765581D850}"
EndProject
Project("{9A19103F-16F7-4668-BE54-9A1E7A4F7556}") = "BitStamp", "Connectors\BitStamp\BitStamp.csproj", "{4EF5F8E1-90B1-4A45-81A3-35D5A4CBFD97}"
EndProject
Project("{2150E333-8FDC-42A3-9474-1A3956D46DE8}") = "Lessons", "Lessons", "{45C9EAE7-FA6A-4B37-A10E-E1D4AF89C48D}"
EndProject
Project("{2150E333-8FDC-42A3-9474-1A3956D46DE8}") = "lesson_01(simple_terminal)", "lesson_01(simple_terminal)", "{F537E792-4C18-4332-8EA9-1F3DA830AFB3}"
EndProject
Project("{2150E333-8FDC-42A3-9474-1A3956D46DE8}") = "lesson_02(candles)", "lesson_02(candles)", "{42CA8A24-F464-47FC-8712-118B3E504591}"
EndProject
Project("{9A19103F-16F7-4668-BE54-9A1E7A4F7556}") = "01_Connect_and_get_security", "Lessons\lesson_01(simple_terminal)\01_Connect_and_get_security\01_Connect_and_get_security.csproj", "{7062B5FB-43D6-4259-9441-D1F71C51756B}"
EndProject
Project("{9A19103F-16F7-4668-BE54-9A1E7A4F7556}") = "02_MarketDepths_Trades", "Samples\Lessons\lesson_01(simple_terminal)\02_MarketDepths_Trades\02_MarketDepths_Trades.csproj", "{E81E0355-513B-4452-BCC1-B9B9067484CD}"
EndProject
Project("{9A19103F-16F7-4668-BE54-9A1E7A4F7556}") = "03_Work_with_orders", "Samples\Lessons\lesson_01(simple_terminal)\03_Work_with_orders\03_Work_with_orders.csproj", "{EF307867-04B4-445F-A592-C3F3516DCC31}"
EndProject
Project("{9A19103F-16F7-4668-BE54-9A1E7A4F7556}") = "01_Getting_realtime_candles", "Samples\Lessons\lesson_02(candles)\01_Getting_realtime_candles\01_Getting_realtime_candles.csproj", "{1DC4E756-45F4-4A2D-A7F6-4E016C35F197}"
EndProject
Project("{9A19103F-16F7-4668-BE54-9A1E7A4F7556}") = "02_Gluing_candles_history_realtime", "Samples\Lessons\lesson_02(candles)\02_Gluing_candles_history_realtime\02_Gluing_candles_history_realtime.csproj", "{87C31B37-4519-4ACC-B598-486B338FDE29}"
EndProject
Project("{2150E333-8FDC-42A3-9474-1A3956D46DE8}") = "lesson_03(historical_data)", "lesson_03(historical_data)", "{E550D1A8-7C1F-4420-BF87-4D673E706AB9}"
EndProject
Project("{9A19103F-16F7-4668-BE54-9A1E7A4F7556}") = "01_LocalStorage", "Samples\Lessons\lesson_03(historical_data)\01_LocalStorage\01_LocalStorage.csproj", "{B3B04AE7-6DA7-4363-AEF8-2A0D7B4B28E1}"
EndProject
Project("{9A19103F-16F7-4668-BE54-9A1E7A4F7556}") = "02_RemoteHistorySource", "Samples\Lessons\lesson_03(historical_data)\02_RemoteHistorySource\02_RemoteHistorySource.csproj", "{274BC35B-E086-4BF4-995D-344BA2EB9AFF}"
EndProject
Project("{9A19103F-16F7-4668-BE54-9A1E7A4F7556}") = "03_RemoteStorage_save_to_local_storage", "Samples\Lessons\lesson_03(historical_data)\03_RemoteStorage_save_to_local_storage\03_RemoteStorage_save_to_local_storage.csproj", "{5A387DA7-8199-4198-BCF4-40CB8F76B7B9}"
EndProject
Project("{9A19103F-16F7-4668-BE54-9A1E7A4F7556}") = "04_HydraFIX_get_marketdata", "Samples\Lessons\lesson_03(historical_data)\04_HydraFIX_get_marketdata\04_HydraFIX_get_marketdata.csproj", "{0F8F54EE-2219-40E3-8467-3B502BEE361D}"
EndProject
Project("{2150E333-8FDC-42A3-9474-1A3956D46DE8}") = "lesson_04(indicators)", "lesson_04(indicators)", "{8CBCD68C-229E-4BD9-91A1-29137A633BA2}"
EndProject
Project("{2150E333-8FDC-42A3-9474-1A3956D46DE8}") = "lesson_05(HistoryEmulation_and_first_strategies)", "lesson_05(HistoryEmulation_and_first_strategies)", "{523AF981-1363-4ACF-B1B6-289158E47590}"
EndProject
Project("{2150E333-8FDC-42A3-9474-1A3956D46DE8}") = "lesson_06(Child_strategies)", "lesson_06(Child_strategies)", "{D25CECA9-2EBC-469A-AC0A-3A4A73BA13B5}"
EndProject
Project("{2150E333-8FDC-42A3-9474-1A3956D46DE8}") = "lesson_07(RealTading_Multiconnect)", "lesson_07(RealTading_Multiconnect)", "{DD6D7295-666C-48ED-9A84-11F03888F01A}"
EndProject
Project("{2150E333-8FDC-42A3-9474-1A3956D46DE8}") = "lesson_08(More_strategies)", "lesson_08(More_strategies)", "{ACC43EA2-A74F-4AB2-AD73-67DD7D864FB8}"
EndProject
Project("{2150E333-8FDC-42A3-9474-1A3956D46DE8}") = "lesson_09(cross_platform)", "lesson_09(cross_platform)", "{A71761D3-B633-4C8B-A307-6C4C14CB3D8D}"
EndProject
Project("{9A19103F-16F7-4668-BE54-9A1E7A4F7556}") = "01_Simple_indicator(SMA)", "Samples\Lessons\lesson_04(indicators)\01_Simple_indicator(SMA)\01_Simple_indicator(SMA).csproj", "{173B2D3A-CFE4-4D7C-8FAF-4594C4207214}"
EndProject
Project("{9A19103F-16F7-4668-BE54-9A1E7A4F7556}") = "02_Complex_Indicator(Bolinger)", "Samples\Lessons\lesson_04(indicators)\02_Complex_Indicator(Bolinger)\02_Complex_Indicator(Bolinger).csproj", "{B526789C-B3C0-4441-8BC7-B28B2AB287C0}"
EndProject
Project("{9A19103F-16F7-4668-BE54-9A1E7A4F7556}") = "03_Create_simple_indicator", "Samples\Lessons\lesson_04(indicators)\03_Create_simple_indicator\03_Create_simple_indicator.csproj", "{E1EB90A3-4DA0-4708-AA5E-F360376688F8}"
EndProject
Project("{9A19103F-16F7-4668-BE54-9A1E7A4F7556}") = "01_HistoryEmulation", "Samples\Lessons\lesson_05(HistoryEmulation_and_first_strategies)\01_HistoryEmulation\01_HistoryEmulation.csproj", "{C461EF60-0589-4309-BE01-C73D41873C05}"
EndProject
Project("{9A19103F-16F7-4668-BE54-9A1E7A4F7556}") = "02_First_strategies", "Samples\Lessons\lesson_05(HistoryEmulation_and_first_strategies)\02_First_strategies\02_First_strategies.csproj", "{853DD091-1FDD-467F-B3EE-7C485B776AD6}"
EndProject
Project("{9A19103F-16F7-4668-BE54-9A1E7A4F7556}") = "03_Optimization", "Samples\Lessons\lesson_05(HistoryEmulation_and_first_strategies)\03_Optimization\03_Optimization.csproj", "{F4290882-BC76-4B75-ACDB-1E63682C567B}"
EndProject
Project("{9A19103F-16F7-4668-BE54-9A1E7A4F7556}") = "01_MarketRule", "Samples\Lessons\lesson_06(Child_strategies)\01_MarketRule\01_MarketRule.csproj", "{984B169B-E051-47F0-92A5-0879671FCEEF}"
EndProject
Project("{9A19103F-16F7-4668-BE54-9A1E7A4F7556}") = "02_TakeProfit_and_StopLoss_strategy", "Samples\Lessons\lesson_06(Child_strategies)\02_TakeProfit_and_StopLoss_strategy\02_TakeProfit_and_StopLoss_strategy.csproj", "{5650E009-FF19-42C8-89C0-60E05878465D}"
EndProject
Project("{9A19103F-16F7-4668-BE54-9A1E7A4F7556}") = "03_Quoting_strategy", "Samples\Lessons\lesson_06(Child_strategies)\03_Quoting_strategy\03_Quoting_strategy.csproj", "{3DF72313-86EE-440B-A858-5418946CBD1D}"
EndProject
Project("{9A19103F-16F7-4668-BE54-9A1E7A4F7556}") = "01_Multi_connection", "Samples\Lessons\lesson_07(RealTading_Multiconnect)\01_Multi_connection\01_Multi_connection.csproj", "{8656D54E-9D68-4EDB-B88E-8952384CF5B7}"
EndProject
Project("{9A19103F-16F7-4668-BE54-9A1E7A4F7556}") = "02_Run_strategy_in_real_trading", "Samples\Lessons\lesson_07(RealTading_Multiconnect)\02_Run_strategy_in_real_trading\02_Run_strategy_in_real_trading.csproj", "{A0255321-6FEC-4721-A63F-747CF294AC48}"
EndProject
Project("{9A19103F-16F7-4668-BE54-9A1E7A4F7556}") = "01_SMA_strategy", "Samples\Lessons\lesson_08(More_strategies)\01_SMA_strategy\01_SMA_strategy.csproj", "{F1F3C5D0-DB2E-425C-B259-97B4F6B03507}"
EndProject
Project("{9A19103F-16F7-4668-BE54-9A1E7A4F7556}") = "02_Bolinger_band_strategy", "Samples\Lessons\lesson_08(More_strategies)\02_Bolinger_band_strategy\02_Bolinger_band_strategy.csproj", "{07B5A0D6-9638-4A43-9941-14C154A505FD}"
EndProject
Project("{9A19103F-16F7-4668-BE54-9A1E7A4F7556}") = "03_Arbitrage_strategy", "Samples\Lessons\lesson_08(More_strategies)\03_Arbitrage_strategy\03_Arbitrage_strategy.csproj", "{15443DC2-91E0-4FE5-ADEE-A6CF4826AE5F}"
EndProject
Project("{9A19103F-16F7-4668-BE54-9A1E7A4F7556}") = "04_Index", "Samples\Lessons\lesson_08(More_strategies)\04_Index\04_Index.csproj", "{4854C6AB-84ED-4CAD-A7D5-C84262060731}"
EndProject
Project("{9A19103F-16F7-4668-BE54-9A1E7A4F7556}") = "01_Console_example", "Samples\Lessons\lesson_09(cross_platform)\01_Console_example\01_Console_example.csproj", "{DA68F4E9-6B95-44A7-B7DF-4C69A60487EE}"
EndProject
Project("{9A19103F-16F7-4668-BE54-9A1E7A4F7556}") = "Bitalong", "Connectors\Bitalong\Bitalong.csproj", "{DF5322FD-2C5F-467B-A067-E51DA5419DF6}"
EndProject
Project("{9A19103F-16F7-4668-BE54-9A1E7A4F7556}") = "Btce", "Connectors\Btce\Btce.csproj", "{34177DB4-CD5E-4349-ABAF-D698B84838A0}"
EndProject
Project("{9A19103F-16F7-4668-BE54-9A1E7A4F7556}") = "Bitexbook", "Connectors\Bitexbook\Bitexbook.csproj", "{48CE7CFF-19E5-4989-B4D6-00702500FE6A}"
EndProject
Project("{9A19103F-16F7-4668-BE54-9A1E7A4F7556}") = "Coinbase", "Connectors\Coinbase\Coinbase.csproj", "{0E146A4B-5461-4B86-8D84-E100FA054C36}"
EndProject
Project("{9A19103F-16F7-4668-BE54-9A1E7A4F7556}") = "Tinkoff", "Connectors\Tinkoff\Tinkoff.csproj", "{580D7D59-F6D8-4D63-87A9-ECD6C86CCCE4}"
EndProject
Project("{9A19103F-16F7-4668-BE54-9A1E7A4F7556}") = "FTX", "Connectors\FTX\FTX.csproj", "{B740C705-89D0-4FF7-8049-514883831EC4}"
EndProject
Global
	GlobalSection(SolutionConfigurationPlatforms) = preSolution
		Debug|Any CPU = Debug|Any CPU
		Release|Any CPU = Release|Any CPU
	EndGlobalSection
	GlobalSection(ProjectConfigurationPlatforms) = postSolution
		{2A5C6FAD-106C-4A4A-B602-77A6B1034CA2}.Debug|Any CPU.ActiveCfg = Debug|Any CPU
		{2A5C6FAD-106C-4A4A-B602-77A6B1034CA2}.Debug|Any CPU.Build.0 = Debug|Any CPU
		{2A5C6FAD-106C-4A4A-B602-77A6B1034CA2}.Release|Any CPU.ActiveCfg = Release|Any CPU
		{2A5C6FAD-106C-4A4A-B602-77A6B1034CA2}.Release|Any CPU.Build.0 = Release|Any CPU
		{DCE69DB8-53CA-4B7F-9368-02F175A31074}.Debug|Any CPU.ActiveCfg = Debug|Any CPU
		{DCE69DB8-53CA-4B7F-9368-02F175A31074}.Debug|Any CPU.Build.0 = Debug|Any CPU
		{DCE69DB8-53CA-4B7F-9368-02F175A31074}.Release|Any CPU.ActiveCfg = Release|Any CPU
		{DCE69DB8-53CA-4B7F-9368-02F175A31074}.Release|Any CPU.Build.0 = Release|Any CPU
		{A98A81CE-75A1-4FAB-9C02-E6EEF4B51F4F}.Debug|Any CPU.ActiveCfg = Debug|Any CPU
		{A98A81CE-75A1-4FAB-9C02-E6EEF4B51F4F}.Debug|Any CPU.Build.0 = Debug|Any CPU
		{A98A81CE-75A1-4FAB-9C02-E6EEF4B51F4F}.Release|Any CPU.ActiveCfg = Release|Any CPU
		{A98A81CE-75A1-4FAB-9C02-E6EEF4B51F4F}.Release|Any CPU.Build.0 = Release|Any CPU
		{C4476ADD-A3D5-41BB-9D43-55D865863B78}.Debug|Any CPU.ActiveCfg = Debug|Any CPU
		{C4476ADD-A3D5-41BB-9D43-55D865863B78}.Debug|Any CPU.Build.0 = Debug|Any CPU
		{C4476ADD-A3D5-41BB-9D43-55D865863B78}.Release|Any CPU.ActiveCfg = Release|Any CPU
		{C4476ADD-A3D5-41BB-9D43-55D865863B78}.Release|Any CPU.Build.0 = Release|Any CPU
		{B47F9C23-A4BD-46A9-BF27-54CB3D653503}.Debug|Any CPU.ActiveCfg = Debug|Any CPU
		{B47F9C23-A4BD-46A9-BF27-54CB3D653503}.Debug|Any CPU.Build.0 = Debug|Any CPU
		{B47F9C23-A4BD-46A9-BF27-54CB3D653503}.Release|Any CPU.ActiveCfg = Release|Any CPU
		{B47F9C23-A4BD-46A9-BF27-54CB3D653503}.Release|Any CPU.Build.0 = Release|Any CPU
		{DDEE1CE2-7283-4394-8FCF-514E8581F10F}.Debug|Any CPU.ActiveCfg = Debug|Any CPU
		{DDEE1CE2-7283-4394-8FCF-514E8581F10F}.Debug|Any CPU.Build.0 = Debug|Any CPU
		{DDEE1CE2-7283-4394-8FCF-514E8581F10F}.Release|Any CPU.ActiveCfg = Release|Any CPU
		{DDEE1CE2-7283-4394-8FCF-514E8581F10F}.Release|Any CPU.Build.0 = Release|Any CPU
		{04A22C35-9D49-41FA-9E09-881680D658AF}.Debug|Any CPU.ActiveCfg = Debug|Any CPU
		{04A22C35-9D49-41FA-9E09-881680D658AF}.Debug|Any CPU.Build.0 = Debug|Any CPU
		{04A22C35-9D49-41FA-9E09-881680D658AF}.Release|Any CPU.ActiveCfg = Release|Any CPU
		{04A22C35-9D49-41FA-9E09-881680D658AF}.Release|Any CPU.Build.0 = Release|Any CPU
		{9E39C9C9-C05C-4D79-ADAA-22C287E02F78}.Debug|Any CPU.ActiveCfg = Debug|Any CPU
		{9E39C9C9-C05C-4D79-ADAA-22C287E02F78}.Debug|Any CPU.Build.0 = Debug|Any CPU
		{9E39C9C9-C05C-4D79-ADAA-22C287E02F78}.Release|Any CPU.ActiveCfg = Release|Any CPU
		{9E39C9C9-C05C-4D79-ADAA-22C287E02F78}.Release|Any CPU.Build.0 = Release|Any CPU
		{D51477D2-F3E1-46ED-8B2B-C66E0881CA8D}.Debug|Any CPU.ActiveCfg = Debug|Any CPU
		{D51477D2-F3E1-46ED-8B2B-C66E0881CA8D}.Debug|Any CPU.Build.0 = Debug|Any CPU
		{D51477D2-F3E1-46ED-8B2B-C66E0881CA8D}.Release|Any CPU.ActiveCfg = Release|Any CPU
		{D51477D2-F3E1-46ED-8B2B-C66E0881CA8D}.Release|Any CPU.Build.0 = Release|Any CPU
		{3A39B4AA-55BC-4E74-8F2D-27CDD67B7E13}.Debug|Any CPU.ActiveCfg = Debug|Any CPU
		{3A39B4AA-55BC-4E74-8F2D-27CDD67B7E13}.Debug|Any CPU.Build.0 = Debug|Any CPU
		{3A39B4AA-55BC-4E74-8F2D-27CDD67B7E13}.Release|Any CPU.ActiveCfg = Release|Any CPU
		{3A39B4AA-55BC-4E74-8F2D-27CDD67B7E13}.Release|Any CPU.Build.0 = Release|Any CPU
		{20A454D0-A030-4266-80C0-D7CB07CE6876}.Debug|Any CPU.ActiveCfg = Debug|Any CPU
		{20A454D0-A030-4266-80C0-D7CB07CE6876}.Debug|Any CPU.Build.0 = Debug|Any CPU
		{20A454D0-A030-4266-80C0-D7CB07CE6876}.Release|Any CPU.ActiveCfg = Release|Any CPU
		{20A454D0-A030-4266-80C0-D7CB07CE6876}.Release|Any CPU.Build.0 = Release|Any CPU
		{6D7AC972-0EE2-44A8-B259-6C2046202670}.Debug|Any CPU.ActiveCfg = Debug|Any CPU
		{6D7AC972-0EE2-44A8-B259-6C2046202670}.Debug|Any CPU.Build.0 = Debug|Any CPU
		{6D7AC972-0EE2-44A8-B259-6C2046202670}.Release|Any CPU.ActiveCfg = Release|Any CPU
		{6D7AC972-0EE2-44A8-B259-6C2046202670}.Release|Any CPU.Build.0 = Release|Any CPU
		{2AFA8980-ACE8-4C5C-9D7C-7DE0D9C276F2}.Debug|Any CPU.ActiveCfg = Debug|Any CPU
		{2AFA8980-ACE8-4C5C-9D7C-7DE0D9C276F2}.Debug|Any CPU.Build.0 = Debug|Any CPU
		{2AFA8980-ACE8-4C5C-9D7C-7DE0D9C276F2}.Release|Any CPU.ActiveCfg = Release|Any CPU
		{2AFA8980-ACE8-4C5C-9D7C-7DE0D9C276F2}.Release|Any CPU.Build.0 = Release|Any CPU
		{FE5CE31E-0461-410F-874F-65EDE074C89C}.Debug|Any CPU.ActiveCfg = Debug|Any CPU
		{FE5CE31E-0461-410F-874F-65EDE074C89C}.Debug|Any CPU.Build.0 = Debug|Any CPU
		{FE5CE31E-0461-410F-874F-65EDE074C89C}.Release|Any CPU.ActiveCfg = Release|Any CPU
		{FE5CE31E-0461-410F-874F-65EDE074C89C}.Release|Any CPU.Build.0 = Release|Any CPU
		{8B430A27-B392-4129-9AA2-731A52427E40}.Debug|Any CPU.ActiveCfg = Debug|Any CPU
		{8B430A27-B392-4129-9AA2-731A52427E40}.Debug|Any CPU.Build.0 = Debug|Any CPU
		{8B430A27-B392-4129-9AA2-731A52427E40}.Release|Any CPU.ActiveCfg = Release|Any CPU
		{8B430A27-B392-4129-9AA2-731A52427E40}.Release|Any CPU.Build.0 = Release|Any CPU
		{81A84C3B-EC88-4746-AA4D-247DD1F66EB6}.Debug|Any CPU.ActiveCfg = Debug|Any CPU
		{81A84C3B-EC88-4746-AA4D-247DD1F66EB6}.Debug|Any CPU.Build.0 = Debug|Any CPU
		{81A84C3B-EC88-4746-AA4D-247DD1F66EB6}.Release|Any CPU.ActiveCfg = Release|Any CPU
		{81A84C3B-EC88-4746-AA4D-247DD1F66EB6}.Release|Any CPU.Build.0 = Release|Any CPU
		{B50ADCF8-CD33-46BE-902D-359A4EDFECA7}.Debug|Any CPU.ActiveCfg = Debug|Any CPU
		{B50ADCF8-CD33-46BE-902D-359A4EDFECA7}.Debug|Any CPU.Build.0 = Debug|Any CPU
		{B50ADCF8-CD33-46BE-902D-359A4EDFECA7}.Release|Any CPU.ActiveCfg = Release|Any CPU
		{B50ADCF8-CD33-46BE-902D-359A4EDFECA7}.Release|Any CPU.Build.0 = Release|Any CPU
		{9E26FE45-AE68-4374-8A2F-94E43BD8400F}.Debug|Any CPU.ActiveCfg = Debug|Any CPU
		{9E26FE45-AE68-4374-8A2F-94E43BD8400F}.Debug|Any CPU.Build.0 = Debug|Any CPU
		{9E26FE45-AE68-4374-8A2F-94E43BD8400F}.Release|Any CPU.ActiveCfg = Release|Any CPU
		{9E26FE45-AE68-4374-8A2F-94E43BD8400F}.Release|Any CPU.Build.0 = Release|Any CPU
		{A1A5C8E7-0BA6-4D8C-8FB2-93424A94E5D4}.Debug|Any CPU.ActiveCfg = Debug|Any CPU
		{A1A5C8E7-0BA6-4D8C-8FB2-93424A94E5D4}.Debug|Any CPU.Build.0 = Debug|Any CPU
		{A1A5C8E7-0BA6-4D8C-8FB2-93424A94E5D4}.Release|Any CPU.ActiveCfg = Release|Any CPU
		{A1A5C8E7-0BA6-4D8C-8FB2-93424A94E5D4}.Release|Any CPU.Build.0 = Release|Any CPU
		{2CFF1903-4EF5-46F8-AB5D-BB623CA75CE6}.Debug|Any CPU.ActiveCfg = Debug|Any CPU
		{2CFF1903-4EF5-46F8-AB5D-BB623CA75CE6}.Debug|Any CPU.Build.0 = Debug|Any CPU
		{2CFF1903-4EF5-46F8-AB5D-BB623CA75CE6}.Release|Any CPU.ActiveCfg = Release|Any CPU
		{2CFF1903-4EF5-46F8-AB5D-BB623CA75CE6}.Release|Any CPU.Build.0 = Release|Any CPU
		{43DFFE65-4AB7-4C21-8F2E-F05F86B70BC0}.Debug|Any CPU.ActiveCfg = Debug|Any CPU
		{43DFFE65-4AB7-4C21-8F2E-F05F86B70BC0}.Debug|Any CPU.Build.0 = Debug|Any CPU
		{43DFFE65-4AB7-4C21-8F2E-F05F86B70BC0}.Release|Any CPU.ActiveCfg = Release|Any CPU
		{43DFFE65-4AB7-4C21-8F2E-F05F86B70BC0}.Release|Any CPU.Build.0 = Release|Any CPU
		{44953EAC-4E10-4680-BAF3-B4C67F638331}.Debug|Any CPU.ActiveCfg = Debug|Any CPU
		{44953EAC-4E10-4680-BAF3-B4C67F638331}.Debug|Any CPU.Build.0 = Debug|Any CPU
		{44953EAC-4E10-4680-BAF3-B4C67F638331}.Release|Any CPU.ActiveCfg = Release|Any CPU
		{44953EAC-4E10-4680-BAF3-B4C67F638331}.Release|Any CPU.Build.0 = Release|Any CPU
		{FCD1242A-B4BF-4D17-AB8D-DAEB891704C8}.Debug|Any CPU.ActiveCfg = Debug|Any CPU
		{FCD1242A-B4BF-4D17-AB8D-DAEB891704C8}.Debug|Any CPU.Build.0 = Debug|Any CPU
		{FCD1242A-B4BF-4D17-AB8D-DAEB891704C8}.Release|Any CPU.ActiveCfg = Release|Any CPU
		{FCD1242A-B4BF-4D17-AB8D-DAEB891704C8}.Release|Any CPU.Build.0 = Release|Any CPU
		{D5A9DBB4-8732-412B-989E-ACFAAA275E4B}.Debug|Any CPU.ActiveCfg = Debug|Any CPU
		{D5A9DBB4-8732-412B-989E-ACFAAA275E4B}.Debug|Any CPU.Build.0 = Debug|Any CPU
		{D5A9DBB4-8732-412B-989E-ACFAAA275E4B}.Release|Any CPU.ActiveCfg = Release|Any CPU
		{D5A9DBB4-8732-412B-989E-ACFAAA275E4B}.Release|Any CPU.Build.0 = Release|Any CPU
		{4EF5F8E1-90B1-4A45-81A3-35D5A4CBFD97}.Debug|Any CPU.ActiveCfg = Debug|Any CPU
		{4EF5F8E1-90B1-4A45-81A3-35D5A4CBFD97}.Debug|Any CPU.Build.0 = Debug|Any CPU
		{4EF5F8E1-90B1-4A45-81A3-35D5A4CBFD97}.Release|Any CPU.ActiveCfg = Release|Any CPU
		{4EF5F8E1-90B1-4A45-81A3-35D5A4CBFD97}.Release|Any CPU.Build.0 = Release|Any CPU
		{7062B5FB-43D6-4259-9441-D1F71C51756B}.Debug|Any CPU.ActiveCfg = Debug|Any CPU
		{7062B5FB-43D6-4259-9441-D1F71C51756B}.Debug|Any CPU.Build.0 = Debug|Any CPU
		{7062B5FB-43D6-4259-9441-D1F71C51756B}.Release|Any CPU.ActiveCfg = Release|Any CPU
		{7062B5FB-43D6-4259-9441-D1F71C51756B}.Release|Any CPU.Build.0 = Release|Any CPU
		{E81E0355-513B-4452-BCC1-B9B9067484CD}.Debug|Any CPU.ActiveCfg = Debug|Any CPU
		{E81E0355-513B-4452-BCC1-B9B9067484CD}.Debug|Any CPU.Build.0 = Debug|Any CPU
		{E81E0355-513B-4452-BCC1-B9B9067484CD}.Release|Any CPU.ActiveCfg = Release|Any CPU
		{E81E0355-513B-4452-BCC1-B9B9067484CD}.Release|Any CPU.Build.0 = Release|Any CPU
		{EF307867-04B4-445F-A592-C3F3516DCC31}.Debug|Any CPU.ActiveCfg = Debug|Any CPU
		{EF307867-04B4-445F-A592-C3F3516DCC31}.Debug|Any CPU.Build.0 = Debug|Any CPU
		{EF307867-04B4-445F-A592-C3F3516DCC31}.Release|Any CPU.ActiveCfg = Release|Any CPU
		{EF307867-04B4-445F-A592-C3F3516DCC31}.Release|Any CPU.Build.0 = Release|Any CPU
		{1DC4E756-45F4-4A2D-A7F6-4E016C35F197}.Debug|Any CPU.ActiveCfg = Debug|Any CPU
		{1DC4E756-45F4-4A2D-A7F6-4E016C35F197}.Debug|Any CPU.Build.0 = Debug|Any CPU
		{1DC4E756-45F4-4A2D-A7F6-4E016C35F197}.Release|Any CPU.ActiveCfg = Release|Any CPU
		{1DC4E756-45F4-4A2D-A7F6-4E016C35F197}.Release|Any CPU.Build.0 = Release|Any CPU
		{87C31B37-4519-4ACC-B598-486B338FDE29}.Debug|Any CPU.ActiveCfg = Debug|Any CPU
		{87C31B37-4519-4ACC-B598-486B338FDE29}.Debug|Any CPU.Build.0 = Debug|Any CPU
		{87C31B37-4519-4ACC-B598-486B338FDE29}.Release|Any CPU.ActiveCfg = Release|Any CPU
		{87C31B37-4519-4ACC-B598-486B338FDE29}.Release|Any CPU.Build.0 = Release|Any CPU
		{B3B04AE7-6DA7-4363-AEF8-2A0D7B4B28E1}.Debug|Any CPU.ActiveCfg = Debug|Any CPU
		{B3B04AE7-6DA7-4363-AEF8-2A0D7B4B28E1}.Debug|Any CPU.Build.0 = Debug|Any CPU
		{B3B04AE7-6DA7-4363-AEF8-2A0D7B4B28E1}.Release|Any CPU.ActiveCfg = Release|Any CPU
		{B3B04AE7-6DA7-4363-AEF8-2A0D7B4B28E1}.Release|Any CPU.Build.0 = Release|Any CPU
		{274BC35B-E086-4BF4-995D-344BA2EB9AFF}.Debug|Any CPU.ActiveCfg = Debug|Any CPU
		{274BC35B-E086-4BF4-995D-344BA2EB9AFF}.Debug|Any CPU.Build.0 = Debug|Any CPU
		{274BC35B-E086-4BF4-995D-344BA2EB9AFF}.Release|Any CPU.ActiveCfg = Release|Any CPU
		{274BC35B-E086-4BF4-995D-344BA2EB9AFF}.Release|Any CPU.Build.0 = Release|Any CPU
		{5A387DA7-8199-4198-BCF4-40CB8F76B7B9}.Debug|Any CPU.ActiveCfg = Debug|Any CPU
		{5A387DA7-8199-4198-BCF4-40CB8F76B7B9}.Debug|Any CPU.Build.0 = Debug|Any CPU
		{5A387DA7-8199-4198-BCF4-40CB8F76B7B9}.Release|Any CPU.ActiveCfg = Release|Any CPU
		{5A387DA7-8199-4198-BCF4-40CB8F76B7B9}.Release|Any CPU.Build.0 = Release|Any CPU
		{0F8F54EE-2219-40E3-8467-3B502BEE361D}.Debug|Any CPU.ActiveCfg = Debug|Any CPU
		{0F8F54EE-2219-40E3-8467-3B502BEE361D}.Debug|Any CPU.Build.0 = Debug|Any CPU
		{0F8F54EE-2219-40E3-8467-3B502BEE361D}.Release|Any CPU.ActiveCfg = Release|Any CPU
		{0F8F54EE-2219-40E3-8467-3B502BEE361D}.Release|Any CPU.Build.0 = Release|Any CPU
		{173B2D3A-CFE4-4D7C-8FAF-4594C4207214}.Debug|Any CPU.ActiveCfg = Debug|Any CPU
		{173B2D3A-CFE4-4D7C-8FAF-4594C4207214}.Debug|Any CPU.Build.0 = Debug|Any CPU
		{173B2D3A-CFE4-4D7C-8FAF-4594C4207214}.Release|Any CPU.ActiveCfg = Release|Any CPU
		{173B2D3A-CFE4-4D7C-8FAF-4594C4207214}.Release|Any CPU.Build.0 = Release|Any CPU
		{B526789C-B3C0-4441-8BC7-B28B2AB287C0}.Debug|Any CPU.ActiveCfg = Debug|Any CPU
		{B526789C-B3C0-4441-8BC7-B28B2AB287C0}.Debug|Any CPU.Build.0 = Debug|Any CPU
		{B526789C-B3C0-4441-8BC7-B28B2AB287C0}.Release|Any CPU.ActiveCfg = Release|Any CPU
		{B526789C-B3C0-4441-8BC7-B28B2AB287C0}.Release|Any CPU.Build.0 = Release|Any CPU
		{E1EB90A3-4DA0-4708-AA5E-F360376688F8}.Debug|Any CPU.ActiveCfg = Debug|Any CPU
		{E1EB90A3-4DA0-4708-AA5E-F360376688F8}.Debug|Any CPU.Build.0 = Debug|Any CPU
		{E1EB90A3-4DA0-4708-AA5E-F360376688F8}.Release|Any CPU.ActiveCfg = Release|Any CPU
		{E1EB90A3-4DA0-4708-AA5E-F360376688F8}.Release|Any CPU.Build.0 = Release|Any CPU
		{C461EF60-0589-4309-BE01-C73D41873C05}.Debug|Any CPU.ActiveCfg = Debug|Any CPU
		{C461EF60-0589-4309-BE01-C73D41873C05}.Debug|Any CPU.Build.0 = Debug|Any CPU
		{C461EF60-0589-4309-BE01-C73D41873C05}.Release|Any CPU.ActiveCfg = Release|Any CPU
		{C461EF60-0589-4309-BE01-C73D41873C05}.Release|Any CPU.Build.0 = Release|Any CPU
		{853DD091-1FDD-467F-B3EE-7C485B776AD6}.Debug|Any CPU.ActiveCfg = Debug|Any CPU
		{853DD091-1FDD-467F-B3EE-7C485B776AD6}.Debug|Any CPU.Build.0 = Debug|Any CPU
		{853DD091-1FDD-467F-B3EE-7C485B776AD6}.Release|Any CPU.ActiveCfg = Release|Any CPU
		{853DD091-1FDD-467F-B3EE-7C485B776AD6}.Release|Any CPU.Build.0 = Release|Any CPU
		{F4290882-BC76-4B75-ACDB-1E63682C567B}.Debug|Any CPU.ActiveCfg = Debug|Any CPU
		{F4290882-BC76-4B75-ACDB-1E63682C567B}.Debug|Any CPU.Build.0 = Debug|Any CPU
		{F4290882-BC76-4B75-ACDB-1E63682C567B}.Release|Any CPU.ActiveCfg = Release|Any CPU
		{F4290882-BC76-4B75-ACDB-1E63682C567B}.Release|Any CPU.Build.0 = Release|Any CPU
		{984B169B-E051-47F0-92A5-0879671FCEEF}.Debug|Any CPU.ActiveCfg = Debug|Any CPU
		{984B169B-E051-47F0-92A5-0879671FCEEF}.Debug|Any CPU.Build.0 = Debug|Any CPU
		{984B169B-E051-47F0-92A5-0879671FCEEF}.Release|Any CPU.ActiveCfg = Release|Any CPU
		{984B169B-E051-47F0-92A5-0879671FCEEF}.Release|Any CPU.Build.0 = Release|Any CPU
		{5650E009-FF19-42C8-89C0-60E05878465D}.Debug|Any CPU.ActiveCfg = Debug|Any CPU
		{5650E009-FF19-42C8-89C0-60E05878465D}.Debug|Any CPU.Build.0 = Debug|Any CPU
		{5650E009-FF19-42C8-89C0-60E05878465D}.Release|Any CPU.ActiveCfg = Release|Any CPU
		{5650E009-FF19-42C8-89C0-60E05878465D}.Release|Any CPU.Build.0 = Release|Any CPU
		{3DF72313-86EE-440B-A858-5418946CBD1D}.Debug|Any CPU.ActiveCfg = Debug|Any CPU
		{3DF72313-86EE-440B-A858-5418946CBD1D}.Debug|Any CPU.Build.0 = Debug|Any CPU
		{3DF72313-86EE-440B-A858-5418946CBD1D}.Release|Any CPU.ActiveCfg = Release|Any CPU
		{3DF72313-86EE-440B-A858-5418946CBD1D}.Release|Any CPU.Build.0 = Release|Any CPU
		{8656D54E-9D68-4EDB-B88E-8952384CF5B7}.Debug|Any CPU.ActiveCfg = Debug|Any CPU
		{8656D54E-9D68-4EDB-B88E-8952384CF5B7}.Debug|Any CPU.Build.0 = Debug|Any CPU
		{8656D54E-9D68-4EDB-B88E-8952384CF5B7}.Release|Any CPU.ActiveCfg = Release|Any CPU
		{8656D54E-9D68-4EDB-B88E-8952384CF5B7}.Release|Any CPU.Build.0 = Release|Any CPU
		{A0255321-6FEC-4721-A63F-747CF294AC48}.Debug|Any CPU.ActiveCfg = Debug|Any CPU
		{A0255321-6FEC-4721-A63F-747CF294AC48}.Debug|Any CPU.Build.0 = Debug|Any CPU
		{A0255321-6FEC-4721-A63F-747CF294AC48}.Release|Any CPU.ActiveCfg = Release|Any CPU
		{A0255321-6FEC-4721-A63F-747CF294AC48}.Release|Any CPU.Build.0 = Release|Any CPU
		{F1F3C5D0-DB2E-425C-B259-97B4F6B03507}.Debug|Any CPU.ActiveCfg = Debug|Any CPU
		{F1F3C5D0-DB2E-425C-B259-97B4F6B03507}.Debug|Any CPU.Build.0 = Debug|Any CPU
		{F1F3C5D0-DB2E-425C-B259-97B4F6B03507}.Release|Any CPU.ActiveCfg = Release|Any CPU
		{F1F3C5D0-DB2E-425C-B259-97B4F6B03507}.Release|Any CPU.Build.0 = Release|Any CPU
		{07B5A0D6-9638-4A43-9941-14C154A505FD}.Debug|Any CPU.ActiveCfg = Debug|Any CPU
		{07B5A0D6-9638-4A43-9941-14C154A505FD}.Debug|Any CPU.Build.0 = Debug|Any CPU
		{07B5A0D6-9638-4A43-9941-14C154A505FD}.Release|Any CPU.ActiveCfg = Release|Any CPU
		{07B5A0D6-9638-4A43-9941-14C154A505FD}.Release|Any CPU.Build.0 = Release|Any CPU
		{15443DC2-91E0-4FE5-ADEE-A6CF4826AE5F}.Debug|Any CPU.ActiveCfg = Debug|Any CPU
		{15443DC2-91E0-4FE5-ADEE-A6CF4826AE5F}.Debug|Any CPU.Build.0 = Debug|Any CPU
		{15443DC2-91E0-4FE5-ADEE-A6CF4826AE5F}.Release|Any CPU.ActiveCfg = Release|Any CPU
		{15443DC2-91E0-4FE5-ADEE-A6CF4826AE5F}.Release|Any CPU.Build.0 = Release|Any CPU
		{4854C6AB-84ED-4CAD-A7D5-C84262060731}.Debug|Any CPU.ActiveCfg = Debug|Any CPU
		{4854C6AB-84ED-4CAD-A7D5-C84262060731}.Debug|Any CPU.Build.0 = Debug|Any CPU
		{4854C6AB-84ED-4CAD-A7D5-C84262060731}.Release|Any CPU.ActiveCfg = Release|Any CPU
		{4854C6AB-84ED-4CAD-A7D5-C84262060731}.Release|Any CPU.Build.0 = Release|Any CPU
		{DA68F4E9-6B95-44A7-B7DF-4C69A60487EE}.Debug|Any CPU.ActiveCfg = Debug|Any CPU
		{DA68F4E9-6B95-44A7-B7DF-4C69A60487EE}.Debug|Any CPU.Build.0 = Debug|Any CPU
		{DA68F4E9-6B95-44A7-B7DF-4C69A60487EE}.Release|Any CPU.ActiveCfg = Release|Any CPU
		{DA68F4E9-6B95-44A7-B7DF-4C69A60487EE}.Release|Any CPU.Build.0 = Release|Any CPU
		{DF5322FD-2C5F-467B-A067-E51DA5419DF6}.Debug|Any CPU.ActiveCfg = Debug|Any CPU
		{DF5322FD-2C5F-467B-A067-E51DA5419DF6}.Debug|Any CPU.Build.0 = Debug|Any CPU
		{DF5322FD-2C5F-467B-A067-E51DA5419DF6}.Release|Any CPU.ActiveCfg = Release|Any CPU
		{DF5322FD-2C5F-467B-A067-E51DA5419DF6}.Release|Any CPU.Build.0 = Release|Any CPU
		{34177DB4-CD5E-4349-ABAF-D698B84838A0}.Debug|Any CPU.ActiveCfg = Debug|Any CPU
		{34177DB4-CD5E-4349-ABAF-D698B84838A0}.Debug|Any CPU.Build.0 = Debug|Any CPU
		{34177DB4-CD5E-4349-ABAF-D698B84838A0}.Release|Any CPU.ActiveCfg = Release|Any CPU
		{34177DB4-CD5E-4349-ABAF-D698B84838A0}.Release|Any CPU.Build.0 = Release|Any CPU
		{48CE7CFF-19E5-4989-B4D6-00702500FE6A}.Debug|Any CPU.ActiveCfg = Debug|Any CPU
		{48CE7CFF-19E5-4989-B4D6-00702500FE6A}.Debug|Any CPU.Build.0 = Debug|Any CPU
		{48CE7CFF-19E5-4989-B4D6-00702500FE6A}.Release|Any CPU.ActiveCfg = Release|Any CPU
		{48CE7CFF-19E5-4989-B4D6-00702500FE6A}.Release|Any CPU.Build.0 = Release|Any CPU
		{0E146A4B-5461-4B86-8D84-E100FA054C36}.Debug|Any CPU.ActiveCfg = Debug|Any CPU
		{0E146A4B-5461-4B86-8D84-E100FA054C36}.Debug|Any CPU.Build.0 = Debug|Any CPU
		{0E146A4B-5461-4B86-8D84-E100FA054C36}.Release|Any CPU.ActiveCfg = Release|Any CPU
		{0E146A4B-5461-4B86-8D84-E100FA054C36}.Release|Any CPU.Build.0 = Release|Any CPU
		{580D7D59-F6D8-4D63-87A9-ECD6C86CCCE4}.Debug|Any CPU.ActiveCfg = Debug|Any CPU
		{580D7D59-F6D8-4D63-87A9-ECD6C86CCCE4}.Debug|Any CPU.Build.0 = Debug|Any CPU
		{580D7D59-F6D8-4D63-87A9-ECD6C86CCCE4}.Release|Any CPU.ActiveCfg = Release|Any CPU
		{580D7D59-F6D8-4D63-87A9-ECD6C86CCCE4}.Release|Any CPU.Build.0 = Release|Any CPU
		{B740C705-89D0-4FF7-8049-514883831EC4}.Debug|Any CPU.ActiveCfg = Debug|Any CPU
		{B740C705-89D0-4FF7-8049-514883831EC4}.Debug|Any CPU.Build.0 = Debug|Any CPU
		{B740C705-89D0-4FF7-8049-514883831EC4}.Release|Any CPU.ActiveCfg = Release|Any CPU
		{B740C705-89D0-4FF7-8049-514883831EC4}.Release|Any CPU.Build.0 = Release|Any CPU
	EndGlobalSection
	GlobalSection(SolutionProperties) = preSolution
		HideSolutionNode = FALSE
	EndGlobalSection
	GlobalSection(NestedProjects) = preSolution
		{880DD952-EC23-463F-BC5B-E92B47BB2041} = {9990074D-A630-405C-BEA6-71B521D8DDA5}
		{AE4A1640-9963-41C6-9F1F-CABDF10C0A4E} = {9990074D-A630-405C-BEA6-71B521D8DDA5}
		{DDEE1CE2-7283-4394-8FCF-514E8581F10F} = {95016DD0-E34D-4006-9EBF-7048C5F35E04}
		{04A22C35-9D49-41FA-9E09-881680D658AF} = {880DD952-EC23-463F-BC5B-E92B47BB2041}
		{9E39C9C9-C05C-4D79-ADAA-22C287E02F78} = {880DD952-EC23-463F-BC5B-E92B47BB2041}
		{D51477D2-F3E1-46ED-8B2B-C66E0881CA8D} = {880DD952-EC23-463F-BC5B-E92B47BB2041}
		{3A39B4AA-55BC-4E74-8F2D-27CDD67B7E13} = {880DD952-EC23-463F-BC5B-E92B47BB2041}
		{20A454D0-A030-4266-80C0-D7CB07CE6876} = {AE4A1640-9963-41C6-9F1F-CABDF10C0A4E}
		{6D7AC972-0EE2-44A8-B259-6C2046202670} = {AE4A1640-9963-41C6-9F1F-CABDF10C0A4E}
		{2AFA8980-ACE8-4C5C-9D7C-7DE0D9C276F2} = {AE4A1640-9963-41C6-9F1F-CABDF10C0A4E}
		{FE5CE31E-0461-410F-874F-65EDE074C89C} = {880DD952-EC23-463F-BC5B-E92B47BB2041}
		{223279C5-1EB1-4978-B9AC-152A1C1D563E} = {9990074D-A630-405C-BEA6-71B521D8DDA5}
		{8B430A27-B392-4129-9AA2-731A52427E40} = {223279C5-1EB1-4978-B9AC-152A1C1D563E}
		{81A84C3B-EC88-4746-AA4D-247DD1F66EB6} = {223279C5-1EB1-4978-B9AC-152A1C1D563E}
		{B50ADCF8-CD33-46BE-902D-359A4EDFECA7} = {223279C5-1EB1-4978-B9AC-152A1C1D563E}
		{95016DD0-E34D-4006-9EBF-7048C5F35E04} = {9990074D-A630-405C-BEA6-71B521D8DDA5}
		{9E26FE45-AE68-4374-8A2F-94E43BD8400F} = {95016DD0-E34D-4006-9EBF-7048C5F35E04}
		{4EF5F8E1-90B1-4A45-81A3-35D5A4CBFD97} = {7F7B05F0-13D7-4087-92FE-0E765581D850}
		{F537E792-4C18-4332-8EA9-1F3DA830AFB3} = {45C9EAE7-FA6A-4B37-A10E-E1D4AF89C48D}
		{42CA8A24-F464-47FC-8712-118B3E504591} = {45C9EAE7-FA6A-4B37-A10E-E1D4AF89C48D}
		{7062B5FB-43D6-4259-9441-D1F71C51756B} = {F537E792-4C18-4332-8EA9-1F3DA830AFB3}
		{E81E0355-513B-4452-BCC1-B9B9067484CD} = {F537E792-4C18-4332-8EA9-1F3DA830AFB3}
		{EF307867-04B4-445F-A592-C3F3516DCC31} = {F537E792-4C18-4332-8EA9-1F3DA830AFB3}
		{1DC4E756-45F4-4A2D-A7F6-4E016C35F197} = {42CA8A24-F464-47FC-8712-118B3E504591}
		{87C31B37-4519-4ACC-B598-486B338FDE29} = {42CA8A24-F464-47FC-8712-118B3E504591}
		{E550D1A8-7C1F-4420-BF87-4D673E706AB9} = {45C9EAE7-FA6A-4B37-A10E-E1D4AF89C48D}
		{B3B04AE7-6DA7-4363-AEF8-2A0D7B4B28E1} = {E550D1A8-7C1F-4420-BF87-4D673E706AB9}
		{274BC35B-E086-4BF4-995D-344BA2EB9AFF} = {E550D1A8-7C1F-4420-BF87-4D673E706AB9}
		{5A387DA7-8199-4198-BCF4-40CB8F76B7B9} = {E550D1A8-7C1F-4420-BF87-4D673E706AB9}
		{0F8F54EE-2219-40E3-8467-3B502BEE361D} = {E550D1A8-7C1F-4420-BF87-4D673E706AB9}
		{8CBCD68C-229E-4BD9-91A1-29137A633BA2} = {45C9EAE7-FA6A-4B37-A10E-E1D4AF89C48D}
		{523AF981-1363-4ACF-B1B6-289158E47590} = {45C9EAE7-FA6A-4B37-A10E-E1D4AF89C48D}
		{D25CECA9-2EBC-469A-AC0A-3A4A73BA13B5} = {45C9EAE7-FA6A-4B37-A10E-E1D4AF89C48D}
		{DD6D7295-666C-48ED-9A84-11F03888F01A} = {45C9EAE7-FA6A-4B37-A10E-E1D4AF89C48D}
		{ACC43EA2-A74F-4AB2-AD73-67DD7D864FB8} = {45C9EAE7-FA6A-4B37-A10E-E1D4AF89C48D}
		{A71761D3-B633-4C8B-A307-6C4C14CB3D8D} = {45C9EAE7-FA6A-4B37-A10E-E1D4AF89C48D}
		{173B2D3A-CFE4-4D7C-8FAF-4594C4207214} = {8CBCD68C-229E-4BD9-91A1-29137A633BA2}
		{B526789C-B3C0-4441-8BC7-B28B2AB287C0} = {8CBCD68C-229E-4BD9-91A1-29137A633BA2}
		{E1EB90A3-4DA0-4708-AA5E-F360376688F8} = {8CBCD68C-229E-4BD9-91A1-29137A633BA2}
		{C461EF60-0589-4309-BE01-C73D41873C05} = {523AF981-1363-4ACF-B1B6-289158E47590}
		{853DD091-1FDD-467F-B3EE-7C485B776AD6} = {523AF981-1363-4ACF-B1B6-289158E47590}
		{F4290882-BC76-4B75-ACDB-1E63682C567B} = {523AF981-1363-4ACF-B1B6-289158E47590}
		{984B169B-E051-47F0-92A5-0879671FCEEF} = {D25CECA9-2EBC-469A-AC0A-3A4A73BA13B5}
		{5650E009-FF19-42C8-89C0-60E05878465D} = {D25CECA9-2EBC-469A-AC0A-3A4A73BA13B5}
		{3DF72313-86EE-440B-A858-5418946CBD1D} = {D25CECA9-2EBC-469A-AC0A-3A4A73BA13B5}
		{8656D54E-9D68-4EDB-B88E-8952384CF5B7} = {DD6D7295-666C-48ED-9A84-11F03888F01A}
		{A0255321-6FEC-4721-A63F-747CF294AC48} = {DD6D7295-666C-48ED-9A84-11F03888F01A}
		{F1F3C5D0-DB2E-425C-B259-97B4F6B03507} = {ACC43EA2-A74F-4AB2-AD73-67DD7D864FB8}
		{07B5A0D6-9638-4A43-9941-14C154A505FD} = {ACC43EA2-A74F-4AB2-AD73-67DD7D864FB8}
		{15443DC2-91E0-4FE5-ADEE-A6CF4826AE5F} = {ACC43EA2-A74F-4AB2-AD73-67DD7D864FB8}
		{4854C6AB-84ED-4CAD-A7D5-C84262060731} = {ACC43EA2-A74F-4AB2-AD73-67DD7D864FB8}
		{DA68F4E9-6B95-44A7-B7DF-4C69A60487EE} = {A71761D3-B633-4C8B-A307-6C4C14CB3D8D}
		{DF5322FD-2C5F-467B-A067-E51DA5419DF6} = {7F7B05F0-13D7-4087-92FE-0E765581D850}
		{34177DB4-CD5E-4349-ABAF-D698B84838A0} = {7F7B05F0-13D7-4087-92FE-0E765581D850}
		{48CE7CFF-19E5-4989-B4D6-00702500FE6A} = {7F7B05F0-13D7-4087-92FE-0E765581D850}
		{0E146A4B-5461-4B86-8D84-E100FA054C36} = {7F7B05F0-13D7-4087-92FE-0E765581D850}
		{580D7D59-F6D8-4D63-87A9-ECD6C86CCCE4} = {7F7B05F0-13D7-4087-92FE-0E765581D850}
		{B740C705-89D0-4FF7-8049-514883831EC4} = {7F7B05F0-13D7-4087-92FE-0E765581D850}
	EndGlobalSection
	GlobalSection(ExtensibilityGlobals) = postSolution
		SolutionGuid = {05C6C3D9-0063-47AB-BC11-315B396BEBD0}
	EndGlobalSection
EndGlobal
