
Microsoft Visual Studio Solution File, Format Version 11.00
# Visual Studio 2010
Project("{7CF6DF6D-3B04-46F8-A40B-537D21BCA0B4}") = "Documentation", "Documentation.shfbproj", "{9A9302FC-36C8-47F5-89BD-97055782B440}"
EndProject
Global
	GlobalSection(SolutionConfigurationPlatforms) = preSolution
		Debug|Any CPU = Debug|Any CPU
		Release|Any CPU = Release|Any CPU
	EndGlobalSection
	GlobalSection(ProjectConfigurationPlatforms) = postSolution
		{9A9302FC-36C8-47F5-89BD-97055782B440}.Debug|Any CPU.ActiveCfg = Debug|Any CPU
		{9A9302FC-36C8-47F5-89BD-97055782B440}.Debug|Any CPU.Build.0 = Debug|Any CPU
		{9A9302FC-36C8-47F5-89BD-97055782B440}.Release|Any CPU.ActiveCfg = Release|Any CPU
		{9A9302FC-36C8-47F5-89BD-97055782B440}.Release|Any CPU.Build.0 = Release|Any CPU
	EndGlobalSection
	GlobalSection(SolutionProperties) = preSolution
		HideSolutionNode = FALSE
	EndGlobalSection
EndGlobal
