Microsoft Visual Studio Solution File, Format Version 12.00
# Visual Studio Version 17
VisualStudioVersion = 17.9.34728.123
MinimumVisualStudioVersion = 10.0.40219.1
Project("{2150E333-8FDC-42A3-9474-1A3956D46DE8}") = "07_Testing", "07_Testing", "{AE4A1640-9963-41C6-9F1F-CABDF10C0A4E}"
EndProject
Project("{2150E333-8FDC-42A3-9474-1A3956D46DE8}") = "05_Chart", "05_Chart", "{223279C5-1EB1-4978-B9AC-152A1C1D563E}"
EndProject
Project("{2150E333-8FDC-42A3-9474-1A3956D46DE8}") = "01_Basic", "01_Basic", "{43177359-B2EC-460E-AB92-1FACB29048B1}"
EndProject
Project("{2150E333-8FDC-42A3-9474-1A3956D46DE8}") = "02_Candles", "02_Candles", "{42CA8A24-F464-47FC-8712-118B3E504591}"
EndProject
Project("{2150E333-8FDC-42A3-9474-1A3956D46DE8}") = "03_Storage", "03_Storage", "{E550D1A8-7C1F-4420-BF87-4D673E706AB9}"
EndProject
Project("{2150E333-8FDC-42A3-9474-1A3956D46DE8}") = "04_Indicators", "04_Indicators", "{8CBCD68C-229E-4BD9-91A1-29137A633BA2}"
EndProject
Project("{2150E333-8FDC-42A3-9474-1A3956D46DE8}") = "06_Strategies", "06_Strategies", "{ACC43EA2-A74F-4AB2-AD73-67DD7D864FB8}"
EndProject
Project("{2150E333-8FDC-42A3-9474-1A3956D46DE8}") = "10_CrossPlatform", "10_CrossPlatform", "{A71761D3-B633-4C8B-A307-6C4C14CB3D8D}"
EndProject
Project("{2150E333-8FDC-42A3-9474-1A3956D46DE8}") = "08_Misc", "08_Misc", "{DB0A1702-0CF5-4C6B-A0EB-4053C5BB381E}"
EndProject
Project("{2150E333-8FDC-42A3-9474-1A3956D46DE8}") = "09_Advanced", "09_Advanced", "{6A401AC8-3926-42C3-B1CC-9C829AD5ECC1}"
EndProject
Project("{9A19103F-16F7-4668-BE54-9A1E7A4F7556}") = "01_Basic.ConnectAndDownloadInstruments", "01_Basic\01_ConnectAndDownloadInstruments\01_Basic.ConnectAndDownloadInstruments.csproj", "{7062B5FB-43D6-4259-9441-D1F71C51756B}"
EndProject
Project("{9A19103F-16F7-4668-BE54-9A1E7A4F7556}") = "02_Basic.MarketDepths", "01_Basic\02_MarketDepths\02_Basic.MarketDepths.csproj", "{E81E0355-513B-4452-BCC1-B9B9067484CD}"
EndProject
Project("{9A19103F-16F7-4668-BE54-9A1E7A4F7556}") = "03_Basic.Orders", "01_Basic\03_Orders\03_Basic.Orders.csproj", "{EF307867-04B4-445F-A592-C3F3516DCC31}"
EndProject
Project("{9A19103F-16F7-4668-BE54-9A1E7A4F7556}") = "01_Candles.Realtime", "02_Candles\01_Realtime\01_Candles.Realtime.csproj", "{1DC4E756-45F4-4A2D-A7F6-4E016C35F197}"
EndProject
Project("{9A19103F-16F7-4668-BE54-9A1E7A4F7556}") = "02_Candles.CombineHistoryRealtime", "02_Candles\02_CombineHistoryRealtime\02_Candles.CombineHistoryRealtime.csproj", "{87C31B37-4519-4ACC-B598-486B338FDE29}"
EndProject
Project("{9A19103F-16F7-4668-BE54-9A1E7A4F7556}") = "01_Storage.Random", "03_Storage\01_Random\01_Storage.Random.csproj", "{9E39C9C9-C05C-4D79-ADAA-22C287E02F78}"
EndProject
Project("{9A19103F-16F7-4668-BE54-9A1E7A4F7556}") = "02_Storage.Local", "03_Storage\02_Local\02_Storage.Local.csproj", "{B3B04AE7-6DA7-4363-AEF8-2A0D7B4B28E1}"
EndProject
Project("{9A19103F-16F7-4668-BE54-9A1E7A4F7556}") = "03_Storage.RemoteSource", "03_Storage\03_RemoteSource\03_Storage.RemoteSource.csproj", "{274BC35B-E086-4BF4-995D-344BA2EB9AFF}"
EndProject
Project("{9A19103F-16F7-4668-BE54-9A1E7A4F7556}") = "04_Storage.HydraServerConnect", "03_Storage\04_HydraServerConnect\04_Storage.HydraServerConnect.csproj", "{0F8F54EE-2219-40E3-8467-3B502BEE361D}"
EndProject
Project("{9A19103F-16F7-4668-BE54-9A1E7A4F7556}") = "05_Storage.HydraServerSaveToLocal", "03_Storage\05_HydraServerSaveToLocal\05_Storage.HydraServerSaveToLocal.csproj", "{5A387DA7-8199-4198-BCF4-40CB8F76B7B9}"
EndProject
Project("{9A19103F-16F7-4668-BE54-9A1E7A4F7556}") = "01_Indicators.SimpleSMA", "04_Indicators\01_SimpleSMA\01_Indicators.SimpleSMA.csproj", "{173B2D3A-CFE4-4D7C-8FAF-4594C4207214}"
EndProject
Project("{9A19103F-16F7-4668-BE54-9A1E7A4F7556}") = "02_Indicators.ComplexBollinger", "04_Indicators\02_ComplexBollinger\02_Indicators.ComplexBollinger.csproj", "{B526789C-B3C0-4441-8BC7-B28B2AB287C0}"
EndProject
Project("{9A19103F-16F7-4668-BE54-9A1E7A4F7556}") = "03_Indicators.CreateOwn", "04_Indicators\03_CreateOwn\03_Indicators.CreateOwn.csproj", "{E1EB90A3-4DA0-4708-AA5E-F360376688F8}"
EndProject
Project("{9A19103F-16F7-4668-BE54-9A1E7A4F7556}") = "01_Chart", "05_Chart\01_Chart\01_Chart.csproj", "{8B430A27-B392-4129-9AA2-731A52427E40}"
EndProject
Project("{9A19103F-16F7-4668-BE54-9A1E7A4F7556}") = "02_Chart.ActiveOrders", "05_Chart\02_ActiveOrders\02_Chart.ActiveOrders.csproj", "{B50ADCF8-CD33-46BE-902D-359A4EDFECA7}"
EndProject
Project("{9A19103F-16F7-4668-BE54-9A1E7A4F7556}") = "03_Chart.Performance", "05_Chart\03_Performance\03_Chart.Performance.csproj", "{81A84C3B-EC88-4746-AA4D-247DD1F66EB6}"
EndProject
Project("{9A19103F-16F7-4668-BE54-9A1E7A4F7556}") = "01_Strategies.HistorySMA", "06_Strategies\01_HistorySMA\01_Strategies.HistorySMA.csproj", "{F1F3C5D0-DB2E-425C-B259-97B4F6B03507}"
EndProject
Project("{9A19103F-16F7-4668-BE54-9A1E7A4F7556}") = "02_Strategies.HistoryBollingerBands", "06_Strategies\02_HistoryBollingerBands\02_Strategies.HistoryBollingerBands.csproj", "{07B5A0D6-9638-4A43-9941-14C154A505FD}"
EndProject
Project("{9A19103F-16F7-4668-BE54-9A1E7A4F7556}") = "03_Strategies.HistoryTrend", "06_Strategies\03_HistoryTrend\03_Strategies.HistoryTrend.csproj", "{853DD091-1FDD-467F-B3EE-7C485B776AD6}"
EndProject
Project("{9A19103F-16F7-4668-BE54-9A1E7A4F7556}") = "04_Strategies.HistoryMarketRule", "06_Strategies\04_HistoryMarketRule\04_Strategies.HistoryMarketRule.csproj", "{984B169B-E051-47F0-92A5-0879671FCEEF}"
EndProject
Project("{9A19103F-16F7-4668-BE54-9A1E7A4F7556}") = "05_Strategies.HistoryIndex", "06_Strategies\05_HistoryIndex\05_Strategies.HistoryIndex.csproj", "{4854C6AB-84ED-4CAD-A7D5-C84262060731}"
EndProject
Project("{9A19103F-16F7-4668-BE54-9A1E7A4F7556}") = "06_Strategies.HistoryQuoting", "06_Strategies\06_HistoryQuoting\06_Strategies.HistoryQuoting.csproj", "{3DF72313-86EE-440B-A858-5418946CBD1D}"
EndProject
Project("{9A19103F-16F7-4668-BE54-9A1E7A4F7556}") = "07_Strategies.LiveSpread", "06_Strategies\07_LiveSpread\07_Strategies.LiveSpread.csproj", "{A0255321-6FEC-4721-A63F-747CF294AC48}"
EndProject
Project("{9A19103F-16F7-4668-BE54-9A1E7A4F7556}") = "08_Strategies.LiveArbitrage", "06_Strategies\08_LiveArbitrage\08_Strategies.LiveArbitrage.csproj", "{15443DC2-91E0-4FE5-ADEE-A6CF4826AE5F}"
EndProject
Project("{9A19103F-16F7-4668-BE54-9A1E7A4F7556}") = "09_Strategies.LiveOptionsQuoting", "06_Strategies\09_LiveOptionsQuoting\09_Strategies.LiveOptionsQuoting.csproj", "{3A39B4AA-55BC-4E74-8F2D-27CDD67B7E13}"
EndProject
Project("{9A19103F-16F7-4668-BE54-9A1E7A4F7556}") = "10_Strategies.LiveTerminal", "06_Strategies\10_LiveTerminal\10_Strategies.LiveTerminal.csproj", "{04A22C35-9D49-41FA-9E09-881680D658AF}"
EndProject
Project("{9A19103F-16F7-4668-BE54-9A1E7A4F7556}") = "01_Testing.History", "07_Testing\01_History\01_Testing.History.csproj", "{20A454D0-A030-4266-80C0-D7CB07CE6876}"
EndProject
Project("{9A19103F-16F7-4668-BE54-9A1E7A4F7556}") = "02_Testing.Optimization", "07_Testing\02_Optimization\02_Testing.Optimization.csproj", "{6D7AC972-0EE2-44A8-B259-6C2046202670}"
EndProject
Project("{9A19103F-16F7-4668-BE54-9A1E7A4F7556}") = "03_Testing.RealTime", "07_Testing\03_RealTime\03_Testing.RealTime.csproj", "{2AFA8980-ACE8-4C5C-9D7C-7DE0D9C276F2}"
EndProject
Project("{9A19103F-16F7-4668-BE54-9A1E7A4F7556}") = "01_Misc.Logging", "08_Misc\01_Logging\01_Misc.Logging.csproj", "{FE5CE31E-0461-410F-874F-65EDE074C89C}"
EndProject
Project("{9A19103F-16F7-4668-BE54-9A1E7A4F7556}") = "02_Misc.Unit", "08_Misc\02_Unit\02_Misc.Unit.csproj", "{D51477D2-F3E1-46ED-8B2B-C66E0881CA8D}"
EndProject
Project("{9A19103F-16F7-4668-BE54-9A1E7A4F7556}") = "01_Advanced.MultiConnect", "09_Advanced\01_MultiConnect\01_Advanced.MultiConnect.csproj", "{9E26FE45-AE68-4374-8A2F-94E43BD8400F}"
EndProject
Project("{9A19103F-16F7-4668-BE54-9A1E7A4F7556}") = "02_Advanced.SaveDataLocal", "09_Advanced\02_StoreDataLocal\02_Advanced.SaveDataLocal.csproj", "{DDEE1CE2-7283-4394-8FCF-514E8581F10F}"
EndProject
Project("{9A19103F-16F7-4668-BE54-9A1E7A4F7556}") = "01_CrossPlatform.ConsoleApp", "10_CrossPlatform\01_ConsoleApp\01_CrossPlatform.ConsoleApp.csproj", "{11B943D3-10AC-4F7C-9E38-3FF63192F2E7}"
EndProject
Global
	GlobalSection(SolutionConfigurationPlatforms) = preSolution
		Debug|Any CPU = Debug|Any CPU
		Release|Any CPU = Release|Any CPU
	EndGlobalSection
	GlobalSection(ProjectConfigurationPlatforms) = postSolution
		{7062B5FB-43D6-4259-9441-D1F71C51756B}.Debug|Any CPU.ActiveCfg = Debug|Any CPU
		{7062B5FB-43D6-4259-9441-D1F71C51756B}.Debug|Any CPU.Build.0 = Debug|Any CPU
		{7062B5FB-43D6-4259-9441-D1F71C51756B}.Release|Any CPU.ActiveCfg = Release|Any CPU
		{7062B5FB-43D6-4259-9441-D1F71C51756B}.Release|Any CPU.Build.0 = Release|Any CPU
		{E81E0355-513B-4452-BCC1-B9B9067484CD}.Debug|Any CPU.ActiveCfg = Debug|Any CPU
		{E81E0355-513B-4452-BCC1-B9B9067484CD}.Debug|Any CPU.Build.0 = Debug|Any CPU
		{E81E0355-513B-4452-BCC1-B9B9067484CD}.Release|Any CPU.ActiveCfg = Release|Any CPU
		{E81E0355-513B-4452-BCC1-B9B9067484CD}.Release|Any CPU.Build.0 = Release|Any CPU
		{EF307867-04B4-445F-A592-C3F3516DCC31}.Debug|Any CPU.ActiveCfg = Debug|Any CPU
		{EF307867-04B4-445F-A592-C3F3516DCC31}.Debug|Any CPU.Build.0 = Debug|Any CPU
		{EF307867-04B4-445F-A592-C3F3516DCC31}.Release|Any CPU.ActiveCfg = Release|Any CPU
		{EF307867-04B4-445F-A592-C3F3516DCC31}.Release|Any CPU.Build.0 = Release|Any CPU
		{1DC4E756-45F4-4A2D-A7F6-4E016C35F197}.Debug|Any CPU.ActiveCfg = Debug|Any CPU
		{1DC4E756-45F4-4A2D-A7F6-4E016C35F197}.Debug|Any CPU.Build.0 = Debug|Any CPU
		{1DC4E756-45F4-4A2D-A7F6-4E016C35F197}.Release|Any CPU.ActiveCfg = Release|Any CPU
		{1DC4E756-45F4-4A2D-A7F6-4E016C35F197}.Release|Any CPU.Build.0 = Release|Any CPU
		{87C31B37-4519-4ACC-B598-486B338FDE29}.Debug|Any CPU.ActiveCfg = Debug|Any CPU
		{87C31B37-4519-4ACC-B598-486B338FDE29}.Debug|Any CPU.Build.0 = Debug|Any CPU
		{87C31B37-4519-4ACC-B598-486B338FDE29}.Release|Any CPU.ActiveCfg = Release|Any CPU
		{87C31B37-4519-4ACC-B598-486B338FDE29}.Release|Any CPU.Build.0 = Release|Any CPU
		{9E39C9C9-C05C-4D79-ADAA-22C287E02F78}.Debug|Any CPU.ActiveCfg = Debug|Any CPU
		{9E39C9C9-C05C-4D79-ADAA-22C287E02F78}.Debug|Any CPU.Build.0 = Debug|Any CPU
		{9E39C9C9-C05C-4D79-ADAA-22C287E02F78}.Release|Any CPU.ActiveCfg = Release|Any CPU
		{9E39C9C9-C05C-4D79-ADAA-22C287E02F78}.Release|Any CPU.Build.0 = Release|Any CPU
		{B3B04AE7-6DA7-4363-AEF8-2A0D7B4B28E1}.Debug|Any CPU.ActiveCfg = Debug|Any CPU
		{B3B04AE7-6DA7-4363-AEF8-2A0D7B4B28E1}.Debug|Any CPU.Build.0 = Debug|Any CPU
		{B3B04AE7-6DA7-4363-AEF8-2A0D7B4B28E1}.Release|Any CPU.ActiveCfg = Release|Any CPU
		{B3B04AE7-6DA7-4363-AEF8-2A0D7B4B28E1}.Release|Any CPU.Build.0 = Release|Any CPU
		{274BC35B-E086-4BF4-995D-344BA2EB9AFF}.Debug|Any CPU.ActiveCfg = Debug|Any CPU
		{274BC35B-E086-4BF4-995D-344BA2EB9AFF}.Debug|Any CPU.Build.0 = Debug|Any CPU
		{274BC35B-E086-4BF4-995D-344BA2EB9AFF}.Release|Any CPU.ActiveCfg = Release|Any CPU
		{274BC35B-E086-4BF4-995D-344BA2EB9AFF}.Release|Any CPU.Build.0 = Release|Any CPU
		{0F8F54EE-2219-40E3-8467-3B502BEE361D}.Debug|Any CPU.ActiveCfg = Debug|Any CPU
		{0F8F54EE-2219-40E3-8467-3B502BEE361D}.Debug|Any CPU.Build.0 = Debug|Any CPU
		{0F8F54EE-2219-40E3-8467-3B502BEE361D}.Release|Any CPU.ActiveCfg = Release|Any CPU
		{0F8F54EE-2219-40E3-8467-3B502BEE361D}.Release|Any CPU.Build.0 = Release|Any CPU
		{5A387DA7-8199-4198-BCF4-40CB8F76B7B9}.Debug|Any CPU.ActiveCfg = Debug|Any CPU
		{5A387DA7-8199-4198-BCF4-40CB8F76B7B9}.Debug|Any CPU.Build.0 = Debug|Any CPU
		{5A387DA7-8199-4198-BCF4-40CB8F76B7B9}.Release|Any CPU.ActiveCfg = Release|Any CPU
		{5A387DA7-8199-4198-BCF4-40CB8F76B7B9}.Release|Any CPU.Build.0 = Release|Any CPU
		{173B2D3A-CFE4-4D7C-8FAF-4594C4207214}.Debug|Any CPU.ActiveCfg = Debug|Any CPU
		{173B2D3A-CFE4-4D7C-8FAF-4594C4207214}.Debug|Any CPU.Build.0 = Debug|Any CPU
		{173B2D3A-CFE4-4D7C-8FAF-4594C4207214}.Release|Any CPU.ActiveCfg = Release|Any CPU
		{173B2D3A-CFE4-4D7C-8FAF-4594C4207214}.Release|Any CPU.Build.0 = Release|Any CPU
		{B526789C-B3C0-4441-8BC7-B28B2AB287C0}.Debug|Any CPU.ActiveCfg = Debug|Any CPU
		{B526789C-B3C0-4441-8BC7-B28B2AB287C0}.Debug|Any CPU.Build.0 = Debug|Any CPU
		{B526789C-B3C0-4441-8BC7-B28B2AB287C0}.Release|Any CPU.ActiveCfg = Release|Any CPU
		{B526789C-B3C0-4441-8BC7-B28B2AB287C0}.Release|Any CPU.Build.0 = Release|Any CPU
		{E1EB90A3-4DA0-4708-AA5E-F360376688F8}.Debug|Any CPU.ActiveCfg = Debug|Any CPU
		{E1EB90A3-4DA0-4708-AA5E-F360376688F8}.Debug|Any CPU.Build.0 = Debug|Any CPU
		{E1EB90A3-4DA0-4708-AA5E-F360376688F8}.Release|Any CPU.ActiveCfg = Release|Any CPU
		{E1EB90A3-4DA0-4708-AA5E-F360376688F8}.Release|Any CPU.Build.0 = Release|Any CPU
		{8B430A27-B392-4129-9AA2-731A52427E40}.Debug|Any CPU.ActiveCfg = Debug|Any CPU
		{8B430A27-B392-4129-9AA2-731A52427E40}.Debug|Any CPU.Build.0 = Debug|Any CPU
		{8B430A27-B392-4129-9AA2-731A52427E40}.Release|Any CPU.ActiveCfg = Release|Any CPU
		{8B430A27-B392-4129-9AA2-731A52427E40}.Release|Any CPU.Build.0 = Release|Any CPU
		{B50ADCF8-CD33-46BE-902D-359A4EDFECA7}.Debug|Any CPU.ActiveCfg = Debug|Any CPU
		{B50ADCF8-CD33-46BE-902D-359A4EDFECA7}.Debug|Any CPU.Build.0 = Debug|Any CPU
		{B50ADCF8-CD33-46BE-902D-359A4EDFECA7}.Release|Any CPU.ActiveCfg = Release|Any CPU
		{B50ADCF8-CD33-46BE-902D-359A4EDFECA7}.Release|Any CPU.Build.0 = Release|Any CPU
		{81A84C3B-EC88-4746-AA4D-247DD1F66EB6}.Debug|Any CPU.ActiveCfg = Debug|Any CPU
		{81A84C3B-EC88-4746-AA4D-247DD1F66EB6}.Debug|Any CPU.Build.0 = Debug|Any CPU
		{81A84C3B-EC88-4746-AA4D-247DD1F66EB6}.Release|Any CPU.ActiveCfg = Release|Any CPU
		{81A84C3B-EC88-4746-AA4D-247DD1F66EB6}.Release|Any CPU.Build.0 = Release|Any CPU
		{F1F3C5D0-DB2E-425C-B259-97B4F6B03507}.Debug|Any CPU.ActiveCfg = Debug|Any CPU
		{F1F3C5D0-DB2E-425C-B259-97B4F6B03507}.Debug|Any CPU.Build.0 = Debug|Any CPU
		{F1F3C5D0-DB2E-425C-B259-97B4F6B03507}.Release|Any CPU.ActiveCfg = Release|Any CPU
		{F1F3C5D0-DB2E-425C-B259-97B4F6B03507}.Release|Any CPU.Build.0 = Release|Any CPU
		{07B5A0D6-9638-4A43-9941-14C154A505FD}.Debug|Any CPU.ActiveCfg = Debug|Any CPU
		{07B5A0D6-9638-4A43-9941-14C154A505FD}.Debug|Any CPU.Build.0 = Debug|Any CPU
		{07B5A0D6-9638-4A43-9941-14C154A505FD}.Release|Any CPU.ActiveCfg = Release|Any CPU
		{07B5A0D6-9638-4A43-9941-14C154A505FD}.Release|Any CPU.Build.0 = Release|Any CPU
		{853DD091-1FDD-467F-B3EE-7C485B776AD6}.Debug|Any CPU.ActiveCfg = Debug|Any CPU
		{853DD091-1FDD-467F-B3EE-7C485B776AD6}.Debug|Any CPU.Build.0 = Debug|Any CPU
		{853DD091-1FDD-467F-B3EE-7C485B776AD6}.Release|Any CPU.ActiveCfg = Release|Any CPU
		{853DD091-1FDD-467F-B3EE-7C485B776AD6}.Release|Any CPU.Build.0 = Release|Any CPU
		{984B169B-E051-47F0-92A5-0879671FCEEF}.Debug|Any CPU.ActiveCfg = Debug|Any CPU
		{984B169B-E051-47F0-92A5-0879671FCEEF}.Debug|Any CPU.Build.0 = Debug|Any CPU
		{984B169B-E051-47F0-92A5-0879671FCEEF}.Release|Any CPU.ActiveCfg = Release|Any CPU
		{984B169B-E051-47F0-92A5-0879671FCEEF}.Release|Any CPU.Build.0 = Release|Any CPU
		{4854C6AB-84ED-4CAD-A7D5-C84262060731}.Debug|Any CPU.ActiveCfg = Debug|Any CPU
		{4854C6AB-84ED-4CAD-A7D5-C84262060731}.Debug|Any CPU.Build.0 = Debug|Any CPU
		{4854C6AB-84ED-4CAD-A7D5-C84262060731}.Release|Any CPU.ActiveCfg = Release|Any CPU
		{4854C6AB-84ED-4CAD-A7D5-C84262060731}.Release|Any CPU.Build.0 = Release|Any CPU
		{3DF72313-86EE-440B-A858-5418946CBD1D}.Debug|Any CPU.ActiveCfg = Debug|Any CPU
		{3DF72313-86EE-440B-A858-5418946CBD1D}.Debug|Any CPU.Build.0 = Debug|Any CPU
		{3DF72313-86EE-440B-A858-5418946CBD1D}.Release|Any CPU.ActiveCfg = Release|Any CPU
		{3DF72313-86EE-440B-A858-5418946CBD1D}.Release|Any CPU.Build.0 = Release|Any CPU
		{A0255321-6FEC-4721-A63F-747CF294AC48}.Debug|Any CPU.ActiveCfg = Debug|Any CPU
		{A0255321-6FEC-4721-A63F-747CF294AC48}.Debug|Any CPU.Build.0 = Debug|Any CPU
		{A0255321-6FEC-4721-A63F-747CF294AC48}.Release|Any CPU.ActiveCfg = Release|Any CPU
		{A0255321-6FEC-4721-A63F-747CF294AC48}.Release|Any CPU.Build.0 = Release|Any CPU
		{15443DC2-91E0-4FE5-ADEE-A6CF4826AE5F}.Debug|Any CPU.ActiveCfg = Debug|Any CPU
		{15443DC2-91E0-4FE5-ADEE-A6CF4826AE5F}.Debug|Any CPU.Build.0 = Debug|Any CPU
		{15443DC2-91E0-4FE5-ADEE-A6CF4826AE5F}.Release|Any CPU.ActiveCfg = Release|Any CPU
		{15443DC2-91E0-4FE5-ADEE-A6CF4826AE5F}.Release|Any CPU.Build.0 = Release|Any CPU
		{3A39B4AA-55BC-4E74-8F2D-27CDD67B7E13}.Debug|Any CPU.ActiveCfg = Debug|Any CPU
		{3A39B4AA-55BC-4E74-8F2D-27CDD67B7E13}.Debug|Any CPU.Build.0 = Debug|Any CPU
		{3A39B4AA-55BC-4E74-8F2D-27CDD67B7E13}.Release|Any CPU.ActiveCfg = Release|Any CPU
		{3A39B4AA-55BC-4E74-8F2D-27CDD67B7E13}.Release|Any CPU.Build.0 = Release|Any CPU
		{04A22C35-9D49-41FA-9E09-881680D658AF}.Debug|Any CPU.ActiveCfg = Debug|Any CPU
		{04A22C35-9D49-41FA-9E09-881680D658AF}.Debug|Any CPU.Build.0 = Debug|Any CPU
		{04A22C35-9D49-41FA-9E09-881680D658AF}.Release|Any CPU.ActiveCfg = Release|Any CPU
		{04A22C35-9D49-41FA-9E09-881680D658AF}.Release|Any CPU.Build.0 = Release|Any CPU
		{20A454D0-A030-4266-80C0-D7CB07CE6876}.Debug|Any CPU.ActiveCfg = Debug|Any CPU
		{20A454D0-A030-4266-80C0-D7CB07CE6876}.Debug|Any CPU.Build.0 = Debug|Any CPU
		{20A454D0-A030-4266-80C0-D7CB07CE6876}.Release|Any CPU.ActiveCfg = Release|Any CPU
		{20A454D0-A030-4266-80C0-D7CB07CE6876}.Release|Any CPU.Build.0 = Release|Any CPU
		{6D7AC972-0EE2-44A8-B259-6C2046202670}.Debug|Any CPU.ActiveCfg = Debug|Any CPU
		{6D7AC972-0EE2-44A8-B259-6C2046202670}.Debug|Any CPU.Build.0 = Debug|Any CPU
		{6D7AC972-0EE2-44A8-B259-6C2046202670}.Release|Any CPU.ActiveCfg = Release|Any CPU
		{6D7AC972-0EE2-44A8-B259-6C2046202670}.Release|Any CPU.Build.0 = Release|Any CPU
		{2AFA8980-ACE8-4C5C-9D7C-7DE0D9C276F2}.Debug|Any CPU.ActiveCfg = Debug|Any CPU
		{2AFA8980-ACE8-4C5C-9D7C-7DE0D9C276F2}.Debug|Any CPU.Build.0 = Debug|Any CPU
		{2AFA8980-ACE8-4C5C-9D7C-7DE0D9C276F2}.Release|Any CPU.ActiveCfg = Release|Any CPU
		{2AFA8980-ACE8-4C5C-9D7C-7DE0D9C276F2}.Release|Any CPU.Build.0 = Release|Any CPU
		{FE5CE31E-0461-410F-874F-65EDE074C89C}.Debug|Any CPU.ActiveCfg = Debug|Any CPU
		{FE5CE31E-0461-410F-874F-65EDE074C89C}.Debug|Any CPU.Build.0 = Debug|Any CPU
		{FE5CE31E-0461-410F-874F-65EDE074C89C}.Release|Any CPU.ActiveCfg = Release|Any CPU
		{FE5CE31E-0461-410F-874F-65EDE074C89C}.Release|Any CPU.Build.0 = Release|Any CPU
		{D51477D2-F3E1-46ED-8B2B-C66E0881CA8D}.Debug|Any CPU.ActiveCfg = Debug|Any CPU
		{D51477D2-F3E1-46ED-8B2B-C66E0881CA8D}.Debug|Any CPU.Build.0 = Debug|Any CPU
		{D51477D2-F3E1-46ED-8B2B-C66E0881CA8D}.Release|Any CPU.ActiveCfg = Release|Any CPU
		{D51477D2-F3E1-46ED-8B2B-C66E0881CA8D}.Release|Any CPU.Build.0 = Release|Any CPU
		{9E26FE45-AE68-4374-8A2F-94E43BD8400F}.Debug|Any CPU.ActiveCfg = Debug|Any CPU
		{9E26FE45-AE68-4374-8A2F-94E43BD8400F}.Debug|Any CPU.Build.0 = Debug|Any CPU
		{9E26FE45-AE68-4374-8A2F-94E43BD8400F}.Release|Any CPU.ActiveCfg = Release|Any CPU
		{9E26FE45-AE68-4374-8A2F-94E43BD8400F}.Release|Any CPU.Build.0 = Release|Any CPU
		{DDEE1CE2-7283-4394-8FCF-514E8581F10F}.Debug|Any CPU.ActiveCfg = Debug|Any CPU
		{DDEE1CE2-7283-4394-8FCF-514E8581F10F}.Debug|Any CPU.Build.0 = Debug|Any CPU
		{DDEE1CE2-7283-4394-8FCF-514E8581F10F}.Release|Any CPU.ActiveCfg = Release|Any CPU
		{DDEE1CE2-7283-4394-8FCF-514E8581F10F}.Release|Any CPU.Build.0 = Release|Any CPU
		{11B943D3-10AC-4F7C-9E38-3FF63192F2E7}.Debug|Any CPU.ActiveCfg = Debug|Any CPU
		{11B943D3-10AC-4F7C-9E38-3FF63192F2E7}.Debug|Any CPU.Build.0 = Debug|Any CPU
		{11B943D3-10AC-4F7C-9E38-3FF63192F2E7}.Release|Any CPU.ActiveCfg = Release|Any CPU
		{11B943D3-10AC-4F7C-9E38-3FF63192F2E7}.Release|Any CPU.Build.0 = Release|Any CPU
	EndGlobalSection
	GlobalSection(SolutionProperties) = preSolution
		HideSolutionNode = FALSE
	EndGlobalSection
	GlobalSection(NestedProjects) = preSolution
		{7062B5FB-43D6-4259-9441-D1F71C51756B} = {43177359-B2EC-460E-AB92-1FACB29048B1}
		{E81E0355-513B-4452-BCC1-B9B9067484CD} = {43177359-B2EC-460E-AB92-1FACB29048B1}
		{EF307867-04B4-445F-A592-C3F3516DCC31} = {43177359-B2EC-460E-AB92-1FACB29048B1}
		{1DC4E756-45F4-4A2D-A7F6-4E016C35F197} = {42CA8A24-F464-47FC-8712-118B3E504591}
		{87C31B37-4519-4ACC-B598-486B338FDE29} = {42CA8A24-F464-47FC-8712-118B3E504591}
		{9E39C9C9-C05C-4D79-ADAA-22C287E02F78} = {E550D1A8-7C1F-4420-BF87-4D673E706AB9}
		{B3B04AE7-6DA7-4363-AEF8-2A0D7B4B28E1} = {E550D1A8-7C1F-4420-BF87-4D673E706AB9}
		{274BC35B-E086-4BF4-995D-344BA2EB9AFF} = {E550D1A8-7C1F-4420-BF87-4D673E706AB9}
		{0F8F54EE-2219-40E3-8467-3B502BEE361D} = {E550D1A8-7C1F-4420-BF87-4D673E706AB9}
		{5A387DA7-8199-4198-BCF4-40CB8F76B7B9} = {E550D1A8-7C1F-4420-BF87-4D673E706AB9}
		{173B2D3A-CFE4-4D7C-8FAF-4594C4207214} = {8CBCD68C-229E-4BD9-91A1-29137A633BA2}
		{B526789C-B3C0-4441-8BC7-B28B2AB287C0} = {8CBCD68C-229E-4BD9-91A1-29137A633BA2}
		{E1EB90A3-4DA0-4708-AA5E-F360376688F8} = {8CBCD68C-229E-4BD9-91A1-29137A633BA2}
		{8B430A27-B392-4129-9AA2-731A52427E40} = {223279C5-1EB1-4978-B9AC-152A1C1D563E}
		{B50ADCF8-CD33-46BE-902D-359A4EDFECA7} = {223279C5-1EB1-4978-B9AC-152A1C1D563E}
		{81A84C3B-EC88-4746-AA4D-247DD1F66EB6} = {223279C5-1EB1-4978-B9AC-152A1C1D563E}
		{F1F3C5D0-DB2E-425C-B259-97B4F6B03507} = {ACC43EA2-A74F-4AB2-AD73-67DD7D864FB8}
		{07B5A0D6-9638-4A43-9941-14C154A505FD} = {ACC43EA2-A74F-4AB2-AD73-67DD7D864FB8}
		{853DD091-1FDD-467F-B3EE-7C485B776AD6} = {ACC43EA2-A74F-4AB2-AD73-67DD7D864FB8}
		{984B169B-E051-47F0-92A5-0879671FCEEF} = {ACC43EA2-A74F-4AB2-AD73-67DD7D864FB8}
		{4854C6AB-84ED-4CAD-A7D5-C84262060731} = {ACC43EA2-A74F-4AB2-AD73-67DD7D864FB8}
		{3DF72313-86EE-440B-A858-5418946CBD1D} = {ACC43EA2-A74F-4AB2-AD73-67DD7D864FB8}
		{A0255321-6FEC-4721-A63F-747CF294AC48} = {ACC43EA2-A74F-4AB2-AD73-67DD7D864FB8}
		{15443DC2-91E0-4FE5-ADEE-A6CF4826AE5F} = {ACC43EA2-A74F-4AB2-AD73-67DD7D864FB8}
		{3A39B4AA-55BC-4E74-8F2D-27CDD67B7E13} = {ACC43EA2-A74F-4AB2-AD73-67DD7D864FB8}
		{04A22C35-9D49-41FA-9E09-881680D658AF} = {ACC43EA2-A74F-4AB2-AD73-67DD7D864FB8}
		{20A454D0-A030-4266-80C0-D7CB07CE6876} = {AE4A1640-9963-41C6-9F1F-CABDF10C0A4E}
		{6D7AC972-0EE2-44A8-B259-6C2046202670} = {AE4A1640-9963-41C6-9F1F-CABDF10C0A4E}
		{2AFA8980-ACE8-4C5C-9D7C-7DE0D9C276F2} = {AE4A1640-9963-41C6-9F1F-CABDF10C0A4E}
		{FE5CE31E-0461-410F-874F-65EDE074C89C} = {DB0A1702-0CF5-4C6B-A0EB-4053C5BB381E}
		{D51477D2-F3E1-46ED-8B2B-C66E0881CA8D} = {DB0A1702-0CF5-4C6B-A0EB-4053C5BB381E}
		{9E26FE45-AE68-4374-8A2F-94E43BD8400F} = {6A401AC8-3926-42C3-B1CC-9C829AD5ECC1}
		{DDEE1CE2-7283-4394-8FCF-514E8581F10F} = {6A401AC8-3926-42C3-B1CC-9C829AD5ECC1}
		{11B943D3-10AC-4F7C-9E38-3FF63192F2E7} = {A71761D3-B633-4C8B-A307-6C4C14CB3D8D}
	EndGlobalSection
	GlobalSection(ExtensibilityGlobals) = postSolution
		SolutionGuid = {05C6C3D9-0063-47AB-BC11-315B396BEBD0}
	EndGlobalSection
EndGlobal
