
Microsoft Visual Studio Solution File, Format Version 12.00
# Visual Studio 2013
VisualStudioVersion = 12.0.30723.0
MinimumVisualStudioVersion = 10.0.40219.1
Project("{2150E333-8FDC-42A3-9474-1A3956D46DE8}") = "Common", "Common", "{880DD952-EC23-463F-BC5B-E92B47BB2041}"
EndProject
Project("{2150E333-8FDC-42A3-9474-1A3956D46DE8}") = "Options", "Options", "{A16948C7-DA3E-40A1-9C5F-C2407759083A}"
EndProject
Project("{2150E333-8FDC-42A3-9474-1A3956D46DE8}") = "Quik", "Quik", "{C0186A71-17E3-4517-9C57-27CBCB7AE6C3}"
EndProject
Project("{2150E333-8FDC-42A3-9474-1A3956D46DE8}") = "SmartCom", "SmartCom", "{F71AB7CB-A3CD-435D-B251-A7F5FC8DB77F}"
EndProject
Project("{2150E333-8FDC-42A3-9474-1A3956D46DE8}") = "Testing", "Testing", "{AE4A1640-9963-41C6-9F1F-CABDF10C0A4E}"
	ProjectSection(SolutionItems) = preProject
		Samples\Testing\HistoryData.zip = Samples\Testing\HistoryData.zip
	EndProjectSection
EndProject
Project("{FAE04EC0-301F-11D3-BF4B-00C04F79EFBC}") = "SampleCurrency", "Common\SampleCurrency\SampleCurrency.csproj", "{76EB6796-F693-4EA8-BFC6-5CD7478EE85A}"
EndProject
Project("{FAE04EC0-301F-11D3-BF4B-00C04F79EFBC}") = "SampleQuikSmart", "Common\SampleQuikSmart\SampleQuikSmart.csproj", "{DDEE1CE2-7283-4394-8FCF-514E8581F10F}"
EndProject
Project("{FAE04EC0-301F-11D3-BF4B-00C04F79EFBC}") = "SampleStorage", "Common\SampleStorage\SampleStorage.csproj", "{9E39C9C9-C05C-4D79-ADAA-22C287E02F78}"
EndProject
Project("{FAE04EC0-301F-11D3-BF4B-00C04F79EFBC}") = "SampleSync", "Common\SampleSync\SampleSync.csproj", "{AA9C2310-A57A-4792-BC16-CF64770E99FF}"
EndProject
Project("{FAE04EC0-301F-11D3-BF4B-00C04F79EFBC}") = "SampleUnit", "Common\SampleUnit\SampleUnit.csproj", "{D51477D2-F3E1-46ED-8B2B-C66E0881CA8D}"
EndProject
Project("{FAE04EC0-301F-11D3-BF4B-00C04F79EFBC}") = "OptionCalculator", "Options\OptionCalculator\OptionCalculator.csproj", "{66AC554D-27ED-45B8-8553-016A65012535}"
EndProject
Project("{FAE04EC0-301F-11D3-BF4B-00C04F79EFBC}") = "SampleOptionQuoting", "Options\SampleOptionQuoting\SampleOptionQuoting.csproj", "{3A39B4AA-55BC-4E74-8F2D-27CDD67B7E13}"
EndProject
Project("{FAE04EC0-301F-11D3-BF4B-00C04F79EFBC}") = "Sample", "Quik\Sample\Sample.csproj", "{3F5FBB7C-49CD-4802-8752-A94244C133BE}"
EndProject
Project("{FAE04EC0-301F-11D3-BF4B-00C04F79EFBC}") = "SampleFewQuiks", "Quik\SampleFewQuiks\SampleFewQuiks.csproj", "{2D8BE5D4-062A-4456-97DB-58E9A723F4F5}"
EndProject
Project("{FAE04EC0-301F-11D3-BF4B-00C04F79EFBC}") = "SampleQuikStartStop", "Quik\SampleQuikStartStop\SampleQuikStartStop.csproj", "{8391C257-484F-4CF4-AA1E-708361F68DC0}"
EndProject
Project("{FAE04EC0-301F-11D3-BF4B-00C04F79EFBC}") = "SampleSmart", "SmartCom\SampleSmart\SampleSmart.csproj", "{FAEED435-2407-479E-AE58-DFDA2E2C57F8}"
EndProject
Project("{FAE04EC0-301F-11D3-BF4B-00C04F79EFBC}") = "SampleSmartCandles", "SmartCom\SampleSmartCandles\SampleSmartCandles.csproj", "{177D2BDF-7728-4F2C-BDAE-9CAAFE65A5C4}"
EndProject
Project("{FAE04EC0-301F-11D3-BF4B-00C04F79EFBC}") = "SampleSmartConsole", "SmartCom\SampleSmartConsole\SampleSmartConsole.csproj", "{616EF7FC-053C-49F8-8057-CEFB4A984D88}"
EndProject
Project("{FAE04EC0-301F-11D3-BF4B-00C04F79EFBC}") = "SampleSmartSMA", "SmartCom\SampleSmartSMA\SampleSmartSMA.csproj", "{948356B6-3DE2-438D-B7FD-2B91BA418085}"
EndProject
Project("{FAE04EC0-301F-11D3-BF4B-00C04F79EFBC}") = "SampleHistoryTesting", "Testing\SampleHistoryTesting\SampleHistoryTesting.csproj", "{20A454D0-A030-4266-80C0-D7CB07CE6876}"
EndProject
Project("{FAE04EC0-301F-11D3-BF4B-00C04F79EFBC}") = "SampleHistoryTestingParallel", "Testing\SampleHistoryTestingParallel\SampleHistoryTestingParallel.csproj", "{6D7AC972-0EE2-44A8-B259-6C2046202670}"
EndProject
Project("{2150E333-8FDC-42A3-9474-1A3956D46DE8}") = "AlfaDirect", "AlfaDirect", "{1C947E0C-278D-47CE-B260-42B3DFBA6829}"
EndProject
Project("{FAE04EC0-301F-11D3-BF4B-00C04F79EFBC}") = "SampleAlfa", "AlfaDirect\SampleAlfa\SampleAlfa.csproj", "{98006C86-9EAC-4598-BF1F-F28C7CB0E4CD}"
EndProject
Project("{FAE04EC0-301F-11D3-BF4B-00C04F79EFBC}") = "SampleAlfaCandles", "AlfaDirect\SampleAlfaCandles\SampleAlfaCandles.csproj", "{E1CB5DDF-E250-4F99-A64E-1794D02CE340}"
EndProject
Project("{2150E333-8FDC-42A3-9474-1A3956D46DE8}") = "Plaza", "Plaza", "{A6FB6759-819A-4C99-A16F-23D7C343DFC7}"
EndProject
Project("{FAE04EC0-301F-11D3-BF4B-00C04F79EFBC}") = "SamplePlaza", "Plaza\SamplePlaza\SamplePlaza.csproj", "{627B4D03-2DDB-49C1-B294-8DE7791F5708}"
EndProject
Project("{2150E333-8FDC-42A3-9474-1A3956D46DE8}") = "OpenECry", "OpenECry", "{E3AEB2E1-7DF3-4ACB-B603-629D54FD1314}"
EndProject
Project("{FAE04EC0-301F-11D3-BF4B-00C04F79EFBC}") = "SampleOEC", "OpenECry\SampleOEC\SampleOEC.csproj", "{68404BEA-1A32-484C-A126-3BB13C053D28}"
EndProject
Project("{FAE04EC0-301F-11D3-BF4B-00C04F79EFBC}") = "SpeedTest", "Common\SpeedTest\SpeedTest.csproj", "{5C7EDB92-7B70-43F4-9851-3E0A42968283}"
EndProject
Project("{2150E333-8FDC-42A3-9474-1A3956D46DE8}") = "Tools", "Tools", "{2AE11EED-C828-40F1-A18B-9B490B702AC8}"
EndProject
Project("{FAE04EC0-301F-11D3-BF4B-00C04F79EFBC}") = "LicenseTool", "Tools\LicenseTool\LicenseTool.csproj", "{D691B01F-9606-4A61-BB9C-DA38B5C542A5}"
EndProject
Project("{FAE04EC0-301F-11D3-BF4B-00C04F79EFBC}") = "Verifier", "Tools\Verifier\Verifier.csproj", "{20A01ED4-F07C-4C9F-8230-3F861EC37B30}"
EndProject
Project("{2150E333-8FDC-42A3-9474-1A3956D46DE8}") = "MatLab", "MatLab", "{2793ECCD-D2BD-4C4C-B5B7-94D3C062569C}"
	ProjectSection(SolutionItems) = preProject
		MatLab\MainWindow.fig = MatLab\MainWindow.fig
		MatLab\MainWindow.m = MatLab\MainWindow.m
	EndProjectSection
EndProject
Project("{2150E333-8FDC-42A3-9474-1A3956D46DE8}") = "InteractiveBrokers", "InteractiveBrokers", "{00F55AA9-AD1E-4A59-8AD7-33E8E17415A1}"
EndProject
Project("{FAE04EC0-301F-11D3-BF4B-00C04F79EFBC}") = "SampleIB", "InteractiveBrokers\SampleIB\SampleIB.csproj", "{62591944-C21D-4615-9642-7E8641DE366B}"
EndProject
Project("{2150E333-8FDC-42A3-9474-1A3956D46DE8}") = "Transaq", "Transaq", "{7D4A3A56-D15C-4F92-AE57-8D6F1B690728}"
EndProject
Project("{FAE04EC0-301F-11D3-BF4B-00C04F79EFBC}") = "SampleTransaq", "Transaq\SampleTransaq\SampleTransaq.csproj", "{87609880-AF98-4655-A51D-F5FB09735CC2}"
EndProject
Project("{2150E333-8FDC-42A3-9474-1A3956D46DE8}") = "Micex", "Micex", "{B34E37E7-DC6B-468F-99D4-A3DFA29C216F}"
EndProject
Project("{FAE04EC0-301F-11D3-BF4B-00C04F79EFBC}") = "SampleMicex", "Micex\SampleMicex\SampleMicex.csproj", "{3690C28A-5B82-4F3F-81F4-38DC1329941E}"
EndProject
Project("{2150E333-8FDC-42A3-9474-1A3956D46DE8}") = "ETrade", "ETrade", "{07C0FE71-8E55-4451-B9E8-CFD520358681}"
EndProject
Project("{FAE04EC0-301F-11D3-BF4B-00C04F79EFBC}") = "SampleETrade", "ETrade\SampleETrade\SampleETrade.csproj", "{3D79D939-9FBD-4ADC-B16E-AC02279D2746}"
EndProject
Project("{2150E333-8FDC-42A3-9474-1A3956D46DE8}") = "Blackwood", "Blackwood", "{FFD16979-BE13-4466-89E4-AB0D3BBA1590}"
EndProject
Project("{FAE04EC0-301F-11D3-BF4B-00C04F79EFBC}") = "SampleBlackwood", "Blackwood\SampleBlackwood\SampleBlackwood.csproj", "{72B624CF-48A4-4C01-B390-A81277BE1857}"
EndProject
Project("{2150E333-8FDC-42A3-9474-1A3956D46DE8}") = "LMAX", "LMAX", "{47355607-AD6C-4F64-8CAC-D4205AD95E0F}"
EndProject
Project("{FAE04EC0-301F-11D3-BF4B-00C04F79EFBC}") = "SampleLMAX", "LMAX\SampleLMAX\SampleLMAX.csproj", "{A1F4DB07-FC68-41EB-B77A-74A328B5A671}"
EndProject
Project("{2150E333-8FDC-42A3-9474-1A3956D46DE8}") = "Fix", "Fix", "{771E903D-FD54-409E-9173-6B98627E792F}"
EndProject
Project("{FAE04EC0-301F-11D3-BF4B-00C04F79EFBC}") = "SampleFix", "Fix\SampleFix\SampleFix.csproj", "{7659048B-277C-4061-A95F-4A312C075E93}"
EndProject
Project("{2150E333-8FDC-42A3-9474-1A3956D46DE8}") = "IQFeed", "IQFeed", "{E924AB1C-7B46-407D-A8B4-9499F6A898E6}"
EndProject
Project("{FAE04EC0-301F-11D3-BF4B-00C04F79EFBC}") = "SampleIQFeed", "IQFeed\SampleIQFeed\SampleIQFeed.csproj", "{D760581F-EF26-46C5-8589-42F9DD99EFF8}"
EndProject
Project("{2150E333-8FDC-42A3-9474-1A3956D46DE8}") = "Rithmic", "Rithmic", "{11231131-39B1-4C60-9A22-B11771EFBDC7}"
EndProject
Project("{FAE04EC0-301F-11D3-BF4B-00C04F79EFBC}") = "SampleRithmic", "Rithmic\SampleRithmic\SampleRithmic.csproj", "{97BFC2F1-4A43-43E5-A4E3-023867837235}"
EndProject
Project("{2150E333-8FDC-42A3-9474-1A3956D46DE8}") = "Rss", "Rss", "{5D9A359A-61D5-49D3-B268-C595CEEFF4E7}"
EndProject
Project("{FAE04EC0-301F-11D3-BF4B-00C04F79EFBC}") = "SampleRss", "Rss\SampleRss\SampleRss.csproj", "{89458757-EAE0-4E61-96C4-DC9DB9160D63}"
EndProject
Project("{2150E333-8FDC-42A3-9474-1A3956D46DE8}") = "Btce", "Btce", "{80CE6DDA-F292-48D2-8A5D-B8859EB6236F}"
EndProject
Project("{FAE04EC0-301F-11D3-BF4B-00C04F79EFBC}") = "SampleBtce", "Btce\SampleBtce\SampleBtce.csproj", "{2D981CE5-8C93-4281-B07A-3FAF14105A18}"
EndProject
Project("{2150E333-8FDC-42A3-9474-1A3956D46DE8}") = "DDE", "DDE", "{C80DB8A2-7467-466B-B70E-0AC1AA987019}"
	ProjectSection(SolutionItems) = preProject
		Quik\DDE\info.wnd = Quik\DDE\info.wnd
		Quik\DDE\info_extended.wnd = Quik\DDE\info_extended.wnd
		Quik\DDE\info_options.wnd = Quik\DDE\info_options.wnd
		Quik\DDE\readme.txt = Quik\DDE\readme.txt
	EndProjectSection
EndProject
Project("{FAE04EC0-301F-11D3-BF4B-00C04F79EFBC}") = "SampleAsyncTransactions", "Quik\DDE\SampleAsyncTransactions\SampleAsyncTransactions.csproj", "{A2A93F71-27CA-4BD6-AE1E-2B3C669E112C}"
EndProject
Project("{FAE04EC0-301F-11D3-BF4B-00C04F79EFBC}") = "SampleCandles", "Quik\DDE\SampleCandles\SampleCandles.csproj", "{335F0A92-14A7-4C16-88C6-E4D6CBA39B80}"
EndProject
Project("{FAE04EC0-301F-11D3-BF4B-00C04F79EFBC}") = "SampleConsole", "Quik\DDE\SampleConsole\SampleConsole.csproj", "{278E91E5-BF89-4401-A652-D909EAD48FD6}"
EndProject
Project("{FAE04EC0-301F-11D3-BF4B-00C04F79EFBC}") = "SampleDdeCustomTable", "Quik\DDE\SampleDdeCustomTable\SampleDdeCustomTable.csproj", "{DE5E0495-97B0-4A35-A1C7-42921285A691}"
EndProject
Project("{FAE04EC0-301F-11D3-BF4B-00C04F79EFBC}") = "SampleDdeExtendedInfo", "Quik\DDE\SampleDdeExtendedInfo\SampleDdeExtendedInfo.csproj", "{22361218-C574-43E8-BAD5-4CE7D2063859}"
EndProject
Project("{FAE04EC0-301F-11D3-BF4B-00C04F79EFBC}") = "SampleSMA", "Quik\DDE\SampleSMA\SampleSMA.csproj", "{3073ED94-F863-43D7-B817-70C34136C91A}"
EndProject
Project("{FAE04EC0-301F-11D3-BF4B-00C04F79EFBC}") = "SampleRandomEmulation", "Testing\SampleRandomEmulation\SampleRandomEmulation.csproj", "{26551F8F-2C4C-402A-95B0-55CFC9FEE0C0}"
EndProject
Project("{FAE04EC0-301F-11D3-BF4B-00C04F79EFBC}") = "SampleRealTimeEmulation", "Testing\SampleRealTimeEmulation\SampleRealTimeEmulation.csproj", "{2AFA8980-ACE8-4C5C-9D7C-7DE0D9C276F2}"
EndProject
Project("{2150E333-8FDC-42A3-9474-1A3956D46DE8}") = "BitStamp", "BitStamp", "{06B34328-A1C2-46EE-9587-61DEEB333DFA}"
EndProject
Project("{FAE04EC0-301F-11D3-BF4B-00C04F79EFBC}") = "SampleBitStamp", "BitStamp\SampleBitStamp\SampleBitStamp.csproj", "{BE7F44E9-D1BD-4B4F-974F-ABA9D9674209}"
EndProject
Project("{2150E333-8FDC-42A3-9474-1A3956D46DE8}") = "Oanda", "Oanda", "{057B0F33-64E2-4B2D-9D22-F7B1B5C778DA}"
EndProject
Project("{FAE04EC0-301F-11D3-BF4B-00C04F79EFBC}") = "SampleOanda", "Oanda\SampleOanda\SampleOanda.csproj", "{1E0A526F-CF17-40A3-B6AF-15EB88511579}"
EndProject
Project("{FAE04EC0-301F-11D3-BF4B-00C04F79EFBC}") = "LciViewer", "Common\LciViewer\LciViewer.csproj", "{B8F4A4C2-FEC9-4CE4-9A65-040FBC635AAD}"
EndProject
Global
	GlobalSection(SolutionConfigurationPlatforms) = preSolution
		Debug|Any CPU = Debug|Any CPU
		Release|Any CPU = Release|Any CPU
	EndGlobalSection
	GlobalSection(ProjectConfigurationPlatforms) = postSolution
		{76EB6796-F693-4EA8-BFC6-5CD7478EE85A}.Debug|Any CPU.ActiveCfg = Debug|Any CPU
		{76EB6796-F693-4EA8-BFC6-5CD7478EE85A}.Debug|Any CPU.Build.0 = Debug|Any CPU
		{76EB6796-F693-4EA8-BFC6-5CD7478EE85A}.Release|Any CPU.ActiveCfg = Release|Any CPU
		{76EB6796-F693-4EA8-BFC6-5CD7478EE85A}.Release|Any CPU.Build.0 = Release|Any CPU
		{DDEE1CE2-7283-4394-8FCF-514E8581F10F}.Debug|Any CPU.ActiveCfg = Debug|Any CPU
		{DDEE1CE2-7283-4394-8FCF-514E8581F10F}.Debug|Any CPU.Build.0 = Debug|Any CPU
		{DDEE1CE2-7283-4394-8FCF-514E8581F10F}.Release|Any CPU.ActiveCfg = Release|Any CPU
		{DDEE1CE2-7283-4394-8FCF-514E8581F10F}.Release|Any CPU.Build.0 = Release|Any CPU
		{9E39C9C9-C05C-4D79-ADAA-22C287E02F78}.Debug|Any CPU.ActiveCfg = Debug|Any CPU
		{9E39C9C9-C05C-4D79-ADAA-22C287E02F78}.Debug|Any CPU.Build.0 = Debug|Any CPU
		{9E39C9C9-C05C-4D79-ADAA-22C287E02F78}.Release|Any CPU.ActiveCfg = Release|Any CPU
		{9E39C9C9-C05C-4D79-ADAA-22C287E02F78}.Release|Any CPU.Build.0 = Release|Any CPU
		{AA9C2310-A57A-4792-BC16-CF64770E99FF}.Debug|Any CPU.ActiveCfg = Debug|Any CPU
		{AA9C2310-A57A-4792-BC16-CF64770E99FF}.Debug|Any CPU.Build.0 = Debug|Any CPU
		{AA9C2310-A57A-4792-BC16-CF64770E99FF}.Release|Any CPU.ActiveCfg = Release|Any CPU
		{AA9C2310-A57A-4792-BC16-CF64770E99FF}.Release|Any CPU.Build.0 = Release|Any CPU
		{D51477D2-F3E1-46ED-8B2B-C66E0881CA8D}.Debug|Any CPU.ActiveCfg = Debug|Any CPU
		{D51477D2-F3E1-46ED-8B2B-C66E0881CA8D}.Debug|Any CPU.Build.0 = Debug|Any CPU
		{D51477D2-F3E1-46ED-8B2B-C66E0881CA8D}.Release|Any CPU.ActiveCfg = Release|Any CPU
		{D51477D2-F3E1-46ED-8B2B-C66E0881CA8D}.Release|Any CPU.Build.0 = Release|Any CPU
		{66AC554D-27ED-45B8-8553-016A65012535}.Debug|Any CPU.ActiveCfg = Debug|Any CPU
		{66AC554D-27ED-45B8-8553-016A65012535}.Debug|Any CPU.Build.0 = Debug|Any CPU
		{66AC554D-27ED-45B8-8553-016A65012535}.Release|Any CPU.ActiveCfg = Release|Any CPU
		{66AC554D-27ED-45B8-8553-016A65012535}.Release|Any CPU.Build.0 = Release|Any CPU
		{3A39B4AA-55BC-4E74-8F2D-27CDD67B7E13}.Debug|Any CPU.ActiveCfg = Debug|Any CPU
		{3A39B4AA-55BC-4E74-8F2D-27CDD67B7E13}.Debug|Any CPU.Build.0 = Debug|Any CPU
		{3A39B4AA-55BC-4E74-8F2D-27CDD67B7E13}.Release|Any CPU.ActiveCfg = Release|Any CPU
		{3A39B4AA-55BC-4E74-8F2D-27CDD67B7E13}.Release|Any CPU.Build.0 = Release|Any CPU
		{3F5FBB7C-49CD-4802-8752-A94244C133BE}.Debug|Any CPU.ActiveCfg = Debug|Any CPU
		{3F5FBB7C-49CD-4802-8752-A94244C133BE}.Debug|Any CPU.Build.0 = Debug|Any CPU
		{3F5FBB7C-49CD-4802-8752-A94244C133BE}.Release|Any CPU.ActiveCfg = Release|Any CPU
		{3F5FBB7C-49CD-4802-8752-A94244C133BE}.Release|Any CPU.Build.0 = Release|Any CPU
		{2D8BE5D4-062A-4456-97DB-58E9A723F4F5}.Debug|Any CPU.ActiveCfg = Debug|Any CPU
		{2D8BE5D4-062A-4456-97DB-58E9A723F4F5}.Debug|Any CPU.Build.0 = Debug|Any CPU
		{2D8BE5D4-062A-4456-97DB-58E9A723F4F5}.Release|Any CPU.ActiveCfg = Release|Any CPU
		{2D8BE5D4-062A-4456-97DB-58E9A723F4F5}.Release|Any CPU.Build.0 = Release|Any CPU
		{8391C257-484F-4CF4-AA1E-708361F68DC0}.Debug|Any CPU.ActiveCfg = Debug|Any CPU
		{8391C257-484F-4CF4-AA1E-708361F68DC0}.Debug|Any CPU.Build.0 = Debug|Any CPU
		{8391C257-484F-4CF4-AA1E-708361F68DC0}.Release|Any CPU.ActiveCfg = Release|Any CPU
		{8391C257-484F-4CF4-AA1E-708361F68DC0}.Release|Any CPU.Build.0 = Release|Any CPU
		{FAEED435-2407-479E-AE58-DFDA2E2C57F8}.Debug|Any CPU.ActiveCfg = Debug|Any CPU
		{FAEED435-2407-479E-AE58-DFDA2E2C57F8}.Debug|Any CPU.Build.0 = Debug|Any CPU
		{FAEED435-2407-479E-AE58-DFDA2E2C57F8}.Release|Any CPU.ActiveCfg = Release|Any CPU
		{FAEED435-2407-479E-AE58-DFDA2E2C57F8}.Release|Any CPU.Build.0 = Release|Any CPU
		{177D2BDF-7728-4F2C-BDAE-9CAAFE65A5C4}.Debug|Any CPU.ActiveCfg = Debug|Any CPU
		{177D2BDF-7728-4F2C-BDAE-9CAAFE65A5C4}.Debug|Any CPU.Build.0 = Debug|Any CPU
		{177D2BDF-7728-4F2C-BDAE-9CAAFE65A5C4}.Release|Any CPU.ActiveCfg = Release|Any CPU
		{177D2BDF-7728-4F2C-BDAE-9CAAFE65A5C4}.Release|Any CPU.Build.0 = Release|Any CPU
		{616EF7FC-053C-49F8-8057-CEFB4A984D88}.Debug|Any CPU.ActiveCfg = Debug|Any CPU
		{616EF7FC-053C-49F8-8057-CEFB4A984D88}.Debug|Any CPU.Build.0 = Debug|Any CPU
		{616EF7FC-053C-49F8-8057-CEFB4A984D88}.Release|Any CPU.ActiveCfg = Release|Any CPU
		{616EF7FC-053C-49F8-8057-CEFB4A984D88}.Release|Any CPU.Build.0 = Release|Any CPU
		{948356B6-3DE2-438D-B7FD-2B91BA418085}.Debug|Any CPU.ActiveCfg = Debug|Any CPU
		{948356B6-3DE2-438D-B7FD-2B91BA418085}.Debug|Any CPU.Build.0 = Debug|Any CPU
		{948356B6-3DE2-438D-B7FD-2B91BA418085}.Release|Any CPU.ActiveCfg = Release|Any CPU
		{948356B6-3DE2-438D-B7FD-2B91BA418085}.Release|Any CPU.Build.0 = Release|Any CPU
		{20A454D0-A030-4266-80C0-D7CB07CE6876}.Debug|Any CPU.ActiveCfg = Debug|Any CPU
		{20A454D0-A030-4266-80C0-D7CB07CE6876}.Debug|Any CPU.Build.0 = Debug|Any CPU
		{20A454D0-A030-4266-80C0-D7CB07CE6876}.Release|Any CPU.ActiveCfg = Release|Any CPU
		{20A454D0-A030-4266-80C0-D7CB07CE6876}.Release|Any CPU.Build.0 = Release|Any CPU
		{6D7AC972-0EE2-44A8-B259-6C2046202670}.Debug|Any CPU.ActiveCfg = Debug|Any CPU
		{6D7AC972-0EE2-44A8-B259-6C2046202670}.Debug|Any CPU.Build.0 = Debug|Any CPU
		{6D7AC972-0EE2-44A8-B259-6C2046202670}.Release|Any CPU.ActiveCfg = Release|Any CPU
		{6D7AC972-0EE2-44A8-B259-6C2046202670}.Release|Any CPU.Build.0 = Release|Any CPU
		{98006C86-9EAC-4598-BF1F-F28C7CB0E4CD}.Debug|Any CPU.ActiveCfg = Debug|Any CPU
		{98006C86-9EAC-4598-BF1F-F28C7CB0E4CD}.Debug|Any CPU.Build.0 = Debug|Any CPU
		{98006C86-9EAC-4598-BF1F-F28C7CB0E4CD}.Release|Any CPU.ActiveCfg = Release|Any CPU
		{98006C86-9EAC-4598-BF1F-F28C7CB0E4CD}.Release|Any CPU.Build.0 = Release|Any CPU
		{E1CB5DDF-E250-4F99-A64E-1794D02CE340}.Debug|Any CPU.ActiveCfg = Debug|Any CPU
		{E1CB5DDF-E250-4F99-A64E-1794D02CE340}.Debug|Any CPU.Build.0 = Debug|Any CPU
		{E1CB5DDF-E250-4F99-A64E-1794D02CE340}.Release|Any CPU.ActiveCfg = Release|Any CPU
		{E1CB5DDF-E250-4F99-A64E-1794D02CE340}.Release|Any CPU.Build.0 = Release|Any CPU
		{627B4D03-2DDB-49C1-B294-8DE7791F5708}.Debug|Any CPU.ActiveCfg = Debug|Any CPU
		{627B4D03-2DDB-49C1-B294-8DE7791F5708}.Debug|Any CPU.Build.0 = Debug|Any CPU
		{627B4D03-2DDB-49C1-B294-8DE7791F5708}.Release|Any CPU.ActiveCfg = Release|Any CPU
		{627B4D03-2DDB-49C1-B294-8DE7791F5708}.Release|Any CPU.Build.0 = Release|Any CPU
		{68404BEA-1A32-484C-A126-3BB13C053D28}.Debug|Any CPU.ActiveCfg = Debug|Any CPU
		{68404BEA-1A32-484C-A126-3BB13C053D28}.Debug|Any CPU.Build.0 = Debug|Any CPU
		{68404BEA-1A32-484C-A126-3BB13C053D28}.Release|Any CPU.ActiveCfg = Release|Any CPU
		{68404BEA-1A32-484C-A126-3BB13C053D28}.Release|Any CPU.Build.0 = Release|Any CPU
		{5C7EDB92-7B70-43F4-9851-3E0A42968283}.Debug|Any CPU.ActiveCfg = Debug|Any CPU
		{5C7EDB92-7B70-43F4-9851-3E0A42968283}.Debug|Any CPU.Build.0 = Debug|Any CPU
		{5C7EDB92-7B70-43F4-9851-3E0A42968283}.Release|Any CPU.ActiveCfg = Release|Any CPU
		{5C7EDB92-7B70-43F4-9851-3E0A42968283}.Release|Any CPU.Build.0 = Release|Any CPU
		{D691B01F-9606-4A61-BB9C-DA38B5C542A5}.Debug|Any CPU.ActiveCfg = Debug|Any CPU
		{D691B01F-9606-4A61-BB9C-DA38B5C542A5}.Debug|Any CPU.Build.0 = Debug|Any CPU
		{D691B01F-9606-4A61-BB9C-DA38B5C542A5}.Release|Any CPU.ActiveCfg = Release|Any CPU
		{D691B01F-9606-4A61-BB9C-DA38B5C542A5}.Release|Any CPU.Build.0 = Release|Any CPU
		{20A01ED4-F07C-4C9F-8230-3F861EC37B30}.Debug|Any CPU.ActiveCfg = Debug|Any CPU
		{20A01ED4-F07C-4C9F-8230-3F861EC37B30}.Debug|Any CPU.Build.0 = Debug|Any CPU
		{20A01ED4-F07C-4C9F-8230-3F861EC37B30}.Release|Any CPU.ActiveCfg = Release|Any CPU
		{20A01ED4-F07C-4C9F-8230-3F861EC37B30}.Release|Any CPU.Build.0 = Release|Any CPU
		{62591944-C21D-4615-9642-7E8641DE366B}.Debug|Any CPU.ActiveCfg = Debug|Any CPU
		{62591944-C21D-4615-9642-7E8641DE366B}.Debug|Any CPU.Build.0 = Debug|Any CPU
		{62591944-C21D-4615-9642-7E8641DE366B}.Release|Any CPU.ActiveCfg = Release|Any CPU
		{62591944-C21D-4615-9642-7E8641DE366B}.Release|Any CPU.Build.0 = Release|Any CPU
		{87609880-AF98-4655-A51D-F5FB09735CC2}.Debug|Any CPU.ActiveCfg = Debug|Any CPU
		{87609880-AF98-4655-A51D-F5FB09735CC2}.Debug|Any CPU.Build.0 = Debug|Any CPU
		{87609880-AF98-4655-A51D-F5FB09735CC2}.Release|Any CPU.ActiveCfg = Release|Any CPU
		{87609880-AF98-4655-A51D-F5FB09735CC2}.Release|Any CPU.Build.0 = Release|Any CPU
		{3690C28A-5B82-4F3F-81F4-38DC1329941E}.Debug|Any CPU.ActiveCfg = Debug|Any CPU
		{3690C28A-5B82-4F3F-81F4-38DC1329941E}.Debug|Any CPU.Build.0 = Debug|Any CPU
		{3690C28A-5B82-4F3F-81F4-38DC1329941E}.Release|Any CPU.ActiveCfg = Release|Any CPU
		{3690C28A-5B82-4F3F-81F4-38DC1329941E}.Release|Any CPU.Build.0 = Release|Any CPU
		{3D79D939-9FBD-4ADC-B16E-AC02279D2746}.Debug|Any CPU.ActiveCfg = Debug|Any CPU
		{3D79D939-9FBD-4ADC-B16E-AC02279D2746}.Debug|Any CPU.Build.0 = Debug|Any CPU
		{3D79D939-9FBD-4ADC-B16E-AC02279D2746}.Release|Any CPU.ActiveCfg = Release|Any CPU
		{3D79D939-9FBD-4ADC-B16E-AC02279D2746}.Release|Any CPU.Build.0 = Release|Any CPU
		{72B624CF-48A4-4C01-B390-A81277BE1857}.Debug|Any CPU.ActiveCfg = Debug|Any CPU
		{72B624CF-48A4-4C01-B390-A81277BE1857}.Debug|Any CPU.Build.0 = Debug|Any CPU
		{72B624CF-48A4-4C01-B390-A81277BE1857}.Release|Any CPU.ActiveCfg = Release|Any CPU
		{72B624CF-48A4-4C01-B390-A81277BE1857}.Release|Any CPU.Build.0 = Release|Any CPU
		{A1F4DB07-FC68-41EB-B77A-74A328B5A671}.Debug|Any CPU.ActiveCfg = Debug|Any CPU
		{A1F4DB07-FC68-41EB-B77A-74A328B5A671}.Debug|Any CPU.Build.0 = Debug|Any CPU
		{A1F4DB07-FC68-41EB-B77A-74A328B5A671}.Release|Any CPU.ActiveCfg = Release|Any CPU
		{A1F4DB07-FC68-41EB-B77A-74A328B5A671}.Release|Any CPU.Build.0 = Release|Any CPU
		{7659048B-277C-4061-A95F-4A312C075E93}.Debug|Any CPU.ActiveCfg = Debug|Any CPU
		{7659048B-277C-4061-A95F-4A312C075E93}.Debug|Any CPU.Build.0 = Debug|Any CPU
		{7659048B-277C-4061-A95F-4A312C075E93}.Release|Any CPU.ActiveCfg = Release|Any CPU
		{7659048B-277C-4061-A95F-4A312C075E93}.Release|Any CPU.Build.0 = Release|Any CPU
		{D760581F-EF26-46C5-8589-42F9DD99EFF8}.Debug|Any CPU.ActiveCfg = Debug|Any CPU
		{D760581F-EF26-46C5-8589-42F9DD99EFF8}.Debug|Any CPU.Build.0 = Debug|Any CPU
		{D760581F-EF26-46C5-8589-42F9DD99EFF8}.Release|Any CPU.ActiveCfg = Release|Any CPU
		{D760581F-EF26-46C5-8589-42F9DD99EFF8}.Release|Any CPU.Build.0 = Release|Any CPU
		{97BFC2F1-4A43-43E5-A4E3-023867837235}.Debug|Any CPU.ActiveCfg = Debug|Any CPU
		{97BFC2F1-4A43-43E5-A4E3-023867837235}.Debug|Any CPU.Build.0 = Debug|Any CPU
		{97BFC2F1-4A43-43E5-A4E3-023867837235}.Release|Any CPU.ActiveCfg = Release|Any CPU
		{97BFC2F1-4A43-43E5-A4E3-023867837235}.Release|Any CPU.Build.0 = Release|Any CPU
		{89458757-EAE0-4E61-96C4-DC9DB9160D63}.Debug|Any CPU.ActiveCfg = Debug|Any CPU
		{89458757-EAE0-4E61-96C4-DC9DB9160D63}.Debug|Any CPU.Build.0 = Debug|Any CPU
		{89458757-EAE0-4E61-96C4-DC9DB9160D63}.Release|Any CPU.ActiveCfg = Release|Any CPU
		{89458757-EAE0-4E61-96C4-DC9DB9160D63}.Release|Any CPU.Build.0 = Release|Any CPU
		{2D981CE5-8C93-4281-B07A-3FAF14105A18}.Debug|Any CPU.ActiveCfg = Debug|Any CPU
		{2D981CE5-8C93-4281-B07A-3FAF14105A18}.Debug|Any CPU.Build.0 = Debug|Any CPU
		{2D981CE5-8C93-4281-B07A-3FAF14105A18}.Release|Any CPU.ActiveCfg = Release|Any CPU
		{2D981CE5-8C93-4281-B07A-3FAF14105A18}.Release|Any CPU.Build.0 = Release|Any CPU
		{A2A93F71-27CA-4BD6-AE1E-2B3C669E112C}.Debug|Any CPU.ActiveCfg = Debug|Any CPU
		{A2A93F71-27CA-4BD6-AE1E-2B3C669E112C}.Debug|Any CPU.Build.0 = Debug|Any CPU
		{A2A93F71-27CA-4BD6-AE1E-2B3C669E112C}.Release|Any CPU.ActiveCfg = Release|Any CPU
		{A2A93F71-27CA-4BD6-AE1E-2B3C669E112C}.Release|Any CPU.Build.0 = Release|Any CPU
		{335F0A92-14A7-4C16-88C6-E4D6CBA39B80}.Debug|Any CPU.ActiveCfg = Debug|Any CPU
		{335F0A92-14A7-4C16-88C6-E4D6CBA39B80}.Debug|Any CPU.Build.0 = Debug|Any CPU
		{335F0A92-14A7-4C16-88C6-E4D6CBA39B80}.Release|Any CPU.ActiveCfg = Release|Any CPU
		{335F0A92-14A7-4C16-88C6-E4D6CBA39B80}.Release|Any CPU.Build.0 = Release|Any CPU
		{278E91E5-BF89-4401-A652-D909EAD48FD6}.Debug|Any CPU.ActiveCfg = Debug|Any CPU
		{278E91E5-BF89-4401-A652-D909EAD48FD6}.Debug|Any CPU.Build.0 = Debug|Any CPU
		{278E91E5-BF89-4401-A652-D909EAD48FD6}.Release|Any CPU.ActiveCfg = Release|Any CPU
		{278E91E5-BF89-4401-A652-D909EAD48FD6}.Release|Any CPU.Build.0 = Release|Any CPU
		{DE5E0495-97B0-4A35-A1C7-42921285A691}.Debug|Any CPU.ActiveCfg = Debug|Any CPU
		{DE5E0495-97B0-4A35-A1C7-42921285A691}.Debug|Any CPU.Build.0 = Debug|Any CPU
		{DE5E0495-97B0-4A35-A1C7-42921285A691}.Release|Any CPU.ActiveCfg = Release|Any CPU
		{DE5E0495-97B0-4A35-A1C7-42921285A691}.Release|Any CPU.Build.0 = Release|Any CPU
		{22361218-C574-43E8-BAD5-4CE7D2063859}.Debug|Any CPU.ActiveCfg = Debug|Any CPU
		{22361218-C574-43E8-BAD5-4CE7D2063859}.Debug|Any CPU.Build.0 = Debug|Any CPU
		{22361218-C574-43E8-BAD5-4CE7D2063859}.Release|Any CPU.ActiveCfg = Release|Any CPU
		{22361218-C574-43E8-BAD5-4CE7D2063859}.Release|Any CPU.Build.0 = Release|Any CPU
		{3073ED94-F863-43D7-B817-70C34136C91A}.Debug|Any CPU.ActiveCfg = Debug|Any CPU
		{3073ED94-F863-43D7-B817-70C34136C91A}.Debug|Any CPU.Build.0 = Debug|Any CPU
		{3073ED94-F863-43D7-B817-70C34136C91A}.Release|Any CPU.ActiveCfg = Release|Any CPU
		{3073ED94-F863-43D7-B817-70C34136C91A}.Release|Any CPU.Build.0 = Release|Any CPU
		{26551F8F-2C4C-402A-95B0-55CFC9FEE0C0}.Debug|Any CPU.ActiveCfg = Debug|Any CPU
		{26551F8F-2C4C-402A-95B0-55CFC9FEE0C0}.Debug|Any CPU.Build.0 = Debug|Any CPU
		{26551F8F-2C4C-402A-95B0-55CFC9FEE0C0}.Release|Any CPU.ActiveCfg = Release|Any CPU
		{26551F8F-2C4C-402A-95B0-55CFC9FEE0C0}.Release|Any CPU.Build.0 = Release|Any CPU
		{2AFA8980-ACE8-4C5C-9D7C-7DE0D9C276F2}.Debug|Any CPU.ActiveCfg = Debug|Any CPU
		{2AFA8980-ACE8-4C5C-9D7C-7DE0D9C276F2}.Debug|Any CPU.Build.0 = Debug|Any CPU
		{2AFA8980-ACE8-4C5C-9D7C-7DE0D9C276F2}.Release|Any CPU.ActiveCfg = Release|Any CPU
		{2AFA8980-ACE8-4C5C-9D7C-7DE0D9C276F2}.Release|Any CPU.Build.0 = Release|Any CPU
		{BE7F44E9-D1BD-4B4F-974F-ABA9D9674209}.Debug|Any CPU.ActiveCfg = Debug|Any CPU
		{BE7F44E9-D1BD-4B4F-974F-ABA9D9674209}.Debug|Any CPU.Build.0 = Debug|Any CPU
		{BE7F44E9-D1BD-4B4F-974F-ABA9D9674209}.Release|Any CPU.ActiveCfg = Release|Any CPU
		{BE7F44E9-D1BD-4B4F-974F-ABA9D9674209}.Release|Any CPU.Build.0 = Release|Any CPU
		{1E0A526F-CF17-40A3-B6AF-15EB88511579}.Debug|Any CPU.ActiveCfg = Debug|Any CPU
		{1E0A526F-CF17-40A3-B6AF-15EB88511579}.Debug|Any CPU.Build.0 = Debug|Any CPU
		{1E0A526F-CF17-40A3-B6AF-15EB88511579}.Release|Any CPU.ActiveCfg = Release|Any CPU
		{1E0A526F-CF17-40A3-B6AF-15EB88511579}.Release|Any CPU.Build.0 = Release|Any CPU
		{B8F4A4C2-FEC9-4CE4-9A65-040FBC635AAD}.Debug|Any CPU.ActiveCfg = Debug|Any CPU
		{B8F4A4C2-FEC9-4CE4-9A65-040FBC635AAD}.Debug|Any CPU.Build.0 = Debug|Any CPU
		{B8F4A4C2-FEC9-4CE4-9A65-040FBC635AAD}.Release|Any CPU.ActiveCfg = Release|Any CPU
		{B8F4A4C2-FEC9-4CE4-9A65-040FBC635AAD}.Release|Any CPU.Build.0 = Release|Any CPU
	EndGlobalSection
	GlobalSection(SolutionProperties) = preSolution
		HideSolutionNode = FALSE
	EndGlobalSection
	GlobalSection(NestedProjects) = preSolution
		{76EB6796-F693-4EA8-BFC6-5CD7478EE85A} = {880DD952-EC23-463F-BC5B-E92B47BB2041}
		{DDEE1CE2-7283-4394-8FCF-514E8581F10F} = {880DD952-EC23-463F-BC5B-E92B47BB2041}
		{9E39C9C9-C05C-4D79-ADAA-22C287E02F78} = {880DD952-EC23-463F-BC5B-E92B47BB2041}
		{AA9C2310-A57A-4792-BC16-CF64770E99FF} = {880DD952-EC23-463F-BC5B-E92B47BB2041}
		{D51477D2-F3E1-46ED-8B2B-C66E0881CA8D} = {880DD952-EC23-463F-BC5B-E92B47BB2041}
		{66AC554D-27ED-45B8-8553-016A65012535} = {A16948C7-DA3E-40A1-9C5F-C2407759083A}
		{3A39B4AA-55BC-4E74-8F2D-27CDD67B7E13} = {A16948C7-DA3E-40A1-9C5F-C2407759083A}
		{3F5FBB7C-49CD-4802-8752-A94244C133BE} = {C0186A71-17E3-4517-9C57-27CBCB7AE6C3}
		{2D8BE5D4-062A-4456-97DB-58E9A723F4F5} = {C0186A71-17E3-4517-9C57-27CBCB7AE6C3}
		{8391C257-484F-4CF4-AA1E-708361F68DC0} = {C0186A71-17E3-4517-9C57-27CBCB7AE6C3}
		{FAEED435-2407-479E-AE58-DFDA2E2C57F8} = {F71AB7CB-A3CD-435D-B251-A7F5FC8DB77F}
		{177D2BDF-7728-4F2C-BDAE-9CAAFE65A5C4} = {F71AB7CB-A3CD-435D-B251-A7F5FC8DB77F}
		{616EF7FC-053C-49F8-8057-CEFB4A984D88} = {F71AB7CB-A3CD-435D-B251-A7F5FC8DB77F}
		{948356B6-3DE2-438D-B7FD-2B91BA418085} = {F71AB7CB-A3CD-435D-B251-A7F5FC8DB77F}
		{20A454D0-A030-4266-80C0-D7CB07CE6876} = {AE4A1640-9963-41C6-9F1F-CABDF10C0A4E}
		{6D7AC972-0EE2-44A8-B259-6C2046202670} = {AE4A1640-9963-41C6-9F1F-CABDF10C0A4E}
		{98006C86-9EAC-4598-BF1F-F28C7CB0E4CD} = {1C947E0C-278D-47CE-B260-42B3DFBA6829}
		{E1CB5DDF-E250-4F99-A64E-1794D02CE340} = {1C947E0C-278D-47CE-B260-42B3DFBA6829}
		{627B4D03-2DDB-49C1-B294-8DE7791F5708} = {A6FB6759-819A-4C99-A16F-23D7C343DFC7}
		{68404BEA-1A32-484C-A126-3BB13C053D28} = {E3AEB2E1-7DF3-4ACB-B603-629D54FD1314}
		{5C7EDB92-7B70-43F4-9851-3E0A42968283} = {880DD952-EC23-463F-BC5B-E92B47BB2041}
		{D691B01F-9606-4A61-BB9C-DA38B5C542A5} = {2AE11EED-C828-40F1-A18B-9B490B702AC8}
		{20A01ED4-F07C-4C9F-8230-3F861EC37B30} = {2AE11EED-C828-40F1-A18B-9B490B702AC8}
		{62591944-C21D-4615-9642-7E8641DE366B} = {00F55AA9-AD1E-4A59-8AD7-33E8E17415A1}
		{87609880-AF98-4655-A51D-F5FB09735CC2} = {7D4A3A56-D15C-4F92-AE57-8D6F1B690728}
		{3690C28A-5B82-4F3F-81F4-38DC1329941E} = {B34E37E7-DC6B-468F-99D4-A3DFA29C216F}
		{3D79D939-9FBD-4ADC-B16E-AC02279D2746} = {07C0FE71-8E55-4451-B9E8-CFD520358681}
		{72B624CF-48A4-4C01-B390-A81277BE1857} = {FFD16979-BE13-4466-89E4-AB0D3BBA1590}
		{A1F4DB07-FC68-41EB-B77A-74A328B5A671} = {47355607-AD6C-4F64-8CAC-D4205AD95E0F}
		{7659048B-277C-4061-A95F-4A312C075E93} = {771E903D-FD54-409E-9173-6B98627E792F}
		{D760581F-EF26-46C5-8589-42F9DD99EFF8} = {E924AB1C-7B46-407D-A8B4-9499F6A898E6}
		{97BFC2F1-4A43-43E5-A4E3-023867837235} = {11231131-39B1-4C60-9A22-B11771EFBDC7}
		{89458757-EAE0-4E61-96C4-DC9DB9160D63} = {5D9A359A-61D5-49D3-B268-C595CEEFF4E7}
		{2D981CE5-8C93-4281-B07A-3FAF14105A18} = {80CE6DDA-F292-48D2-8A5D-B8859EB6236F}
		{C80DB8A2-7467-466B-B70E-0AC1AA987019} = {C0186A71-17E3-4517-9C57-27CBCB7AE6C3}
		{A2A93F71-27CA-4BD6-AE1E-2B3C669E112C} = {C80DB8A2-7467-466B-B70E-0AC1AA987019}
		{335F0A92-14A7-4C16-88C6-E4D6CBA39B80} = {C80DB8A2-7467-466B-B70E-0AC1AA987019}
		{278E91E5-BF89-4401-A652-D909EAD48FD6} = {C80DB8A2-7467-466B-B70E-0AC1AA987019}
		{DE5E0495-97B0-4A35-A1C7-42921285A691} = {C80DB8A2-7467-466B-B70E-0AC1AA987019}
		{22361218-C574-43E8-BAD5-4CE7D2063859} = {C80DB8A2-7467-466B-B70E-0AC1AA987019}
		{3073ED94-F863-43D7-B817-70C34136C91A} = {C80DB8A2-7467-466B-B70E-0AC1AA987019}
		{26551F8F-2C4C-402A-95B0-55CFC9FEE0C0} = {AE4A1640-9963-41C6-9F1F-CABDF10C0A4E}
		{2AFA8980-ACE8-4C5C-9D7C-7DE0D9C276F2} = {AE4A1640-9963-41C6-9F1F-CABDF10C0A4E}
		{BE7F44E9-D1BD-4B4F-974F-ABA9D9674209} = {06B34328-A1C2-46EE-9587-61DEEB333DFA}
		{1E0A526F-CF17-40A3-B6AF-15EB88511579} = {057B0F33-64E2-4B2D-9D22-F7B1B5C778DA}
		{B8F4A4C2-FEC9-4CE4-9A65-040FBC635AAD} = {880DD952-EC23-463F-BC5B-E92B47BB2041}
	EndGlobalSection
EndGlobal
