Microsoft Visual Studio Solution File, Format Version 12.00
# Visual Studio Version 17
VisualStudioVersion = 17.9.34728.123
MinimumVisualStudioVersion = 10.0.40219.1
Project("{2150E333-8FDC-42A3-9474-1A3956D46DE8}") = "Misc", "Misc", "{880DD952-EC23-463F-BC5B-E92B47BB2041}"
EndProject
Project("{2150E333-8FDC-42A3-9474-1A3956D46DE8}") = "Testing", "Testing", "{AE4A1640-9963-41C6-9F1F-CABDF10C0A4E}"
EndProject
Project("{9A19103F-16F7-4668-BE54-9A1E7A4F7556}") = "SampleConnectionWithStorage", "Connectors\SampleConnectionWithStorage\SampleConnectionWithStorage.csproj", "{DDEE1CE2-7283-4394-8FCF-514E8581F10F}"
EndProject
Project("{9A19103F-16F7-4668-BE54-9A1E7A4F7556}") = "SampleStrategies", "Misc\SampleStrategies\SampleStrategies.csproj", "{04A22C35-9D49-41FA-9E09-881680D658AF}"
EndProject
Project("{9A19103F-16F7-4668-BE54-9A1E7A4F7556}") = "SampleStorage", "Misc\SampleStorage\SampleStorage.csproj", "{9E39C9C9-C05C-4D79-ADAA-22C287E02F78}"
EndProject
Project("{9A19103F-16F7-4668-BE54-9A1E7A4F7556}") = "SampleUnit", "Misc\SampleUnit\SampleUnit.csproj", "{D51477D2-F3E1-46ED-8B2B-C66E0881CA8D}"
EndProject
Project("{9A19103F-16F7-4668-BE54-9A1E7A4F7556}") = "SampleOptionQuoting", "Misc\SampleOptionQuoting\SampleOptionQuoting.csproj", "{3A39B4AA-55BC-4E74-8F2D-27CDD67B7E13}"
EndProject
Project("{9A19103F-16F7-4668-BE54-9A1E7A4F7556}") = "SampleHistoryTesting", "Testing\SampleHistoryTesting\SampleHistoryTesting.csproj", "{20A454D0-A030-4266-80C0-D7CB07CE6876}"
EndProject
Project("{9A19103F-16F7-4668-BE54-9A1E7A4F7556}") = "SampleHistoryTestingParallel", "Testing\SampleHistoryTestingParallel\SampleHistoryTestingParallel.csproj", "{6D7AC972-0EE2-44A8-B259-6C2046202670}"
EndProject
Project("{9A19103F-16F7-4668-BE54-9A1E7A4F7556}") = "SampleRealTimeEmulation", "Testing\SampleRealTimeEmulation\SampleRealTimeEmulation.csproj", "{2AFA8980-ACE8-4C5C-9D7C-7DE0D9C276F2}"
EndProject
Project("{9A19103F-16F7-4668-BE54-9A1E7A4F7556}") = "SampleLogging", "Misc\SampleLogging\SampleLogging.csproj", "{FE5CE31E-0461-410F-874F-65EDE074C89C}"
EndProject
Project("{2150E333-8FDC-42A3-9474-1A3956D46DE8}") = "Chart", "Chart", "{223279C5-1EB1-4978-B9AC-152A1C1D563E}"
EndProject
Project("{9A19103F-16F7-4668-BE54-9A1E7A4F7556}") = "SampleChart", "Chart\SampleChart\SampleChart.csproj", "{8B430A27-B392-4129-9AA2-731A52427E40}"
EndProject
Project("{9A19103F-16F7-4668-BE54-9A1E7A4F7556}") = "SampleChartPerformance", "Chart\SampleChartPerformance\SampleChartPerformance.csproj", "{81A84C3B-EC88-4746-AA4D-247DD1F66EB6}"
EndProject
Project("{9A19103F-16F7-4668-BE54-9A1E7A4F7556}") = "SampleChartActiveOrders", "Chart\SampleChartActiveOrders\SampleChartActiveOrders.csproj", "{B50ADCF8-CD33-46BE-902D-359A4EDFECA7}"
EndProject
Project("{2150E333-8FDC-42A3-9474-1A3956D46DE8}") = "Connectors", "Connectors", "{43177359-B2EC-460E-AB92-1FACB29048B1}"
EndProject
Project("{9A19103F-16F7-4668-BE54-9A1E7A4F7556}") = "SampleConnection", "Connectors\SampleConnection\SampleConnection.csproj", "{1F698A62-C461-4A8A-9D81-FFEF09C0DC52}"
EndProject
Global
	GlobalSection(SolutionConfigurationPlatforms) = preSolution
		Debug|Any CPU = Debug|Any CPU
		Release|Any CPU = Release|Any CPU
	EndGlobalSection
	GlobalSection(ProjectConfigurationPlatforms) = postSolution
		{DDEE1CE2-7283-4394-8FCF-514E8581F10F}.Debug|Any CPU.ActiveCfg = Debug|Any CPU
		{DDEE1CE2-7283-4394-8FCF-514E8581F10F}.Debug|Any CPU.Build.0 = Debug|Any CPU
		{DDEE1CE2-7283-4394-8FCF-514E8581F10F}.Release|Any CPU.ActiveCfg = Release|Any CPU
		{DDEE1CE2-7283-4394-8FCF-514E8581F10F}.Release|Any CPU.Build.0 = Release|Any CPU
		{04A22C35-9D49-41FA-9E09-881680D658AF}.Debug|Any CPU.ActiveCfg = Debug|Any CPU
		{04A22C35-9D49-41FA-9E09-881680D658AF}.Debug|Any CPU.Build.0 = Debug|Any CPU
		{04A22C35-9D49-41FA-9E09-881680D658AF}.Release|Any CPU.ActiveCfg = Release|Any CPU
		{04A22C35-9D49-41FA-9E09-881680D658AF}.Release|Any CPU.Build.0 = Release|Any CPU
		{9E39C9C9-C05C-4D79-ADAA-22C287E02F78}.Debug|Any CPU.ActiveCfg = Debug|Any CPU
		{9E39C9C9-C05C-4D79-ADAA-22C287E02F78}.Debug|Any CPU.Build.0 = Debug|Any CPU
		{9E39C9C9-C05C-4D79-ADAA-22C287E02F78}.Release|Any CPU.ActiveCfg = Release|Any CPU
		{9E39C9C9-C05C-4D79-ADAA-22C287E02F78}.Release|Any CPU.Build.0 = Release|Any CPU
		{D51477D2-F3E1-46ED-8B2B-C66E0881CA8D}.Debug|Any CPU.ActiveCfg = Debug|Any CPU
		{D51477D2-F3E1-46ED-8B2B-C66E0881CA8D}.Debug|Any CPU.Build.0 = Debug|Any CPU
		{D51477D2-F3E1-46ED-8B2B-C66E0881CA8D}.Release|Any CPU.ActiveCfg = Release|Any CPU
		{D51477D2-F3E1-46ED-8B2B-C66E0881CA8D}.Release|Any CPU.Build.0 = Release|Any CPU
		{3A39B4AA-55BC-4E74-8F2D-27CDD67B7E13}.Debug|Any CPU.ActiveCfg = Debug|Any CPU
		{3A39B4AA-55BC-4E74-8F2D-27CDD67B7E13}.Debug|Any CPU.Build.0 = Debug|Any CPU
		{3A39B4AA-55BC-4E74-8F2D-27CDD67B7E13}.Release|Any CPU.ActiveCfg = Release|Any CPU
		{3A39B4AA-55BC-4E74-8F2D-27CDD67B7E13}.Release|Any CPU.Build.0 = Release|Any CPU
		{20A454D0-A030-4266-80C0-D7CB07CE6876}.Debug|Any CPU.ActiveCfg = Debug|Any CPU
		{20A454D0-A030-4266-80C0-D7CB07CE6876}.Debug|Any CPU.Build.0 = Debug|Any CPU
		{20A454D0-A030-4266-80C0-D7CB07CE6876}.Release|Any CPU.ActiveCfg = Release|Any CPU
		{20A454D0-A030-4266-80C0-D7CB07CE6876}.Release|Any CPU.Build.0 = Release|Any CPU
		{6D7AC972-0EE2-44A8-B259-6C2046202670}.Debug|Any CPU.ActiveCfg = Debug|Any CPU
		{6D7AC972-0EE2-44A8-B259-6C2046202670}.Debug|Any CPU.Build.0 = Debug|Any CPU
		{6D7AC972-0EE2-44A8-B259-6C2046202670}.Release|Any CPU.ActiveCfg = Release|Any CPU
		{6D7AC972-0EE2-44A8-B259-6C2046202670}.Release|Any CPU.Build.0 = Release|Any CPU
		{2AFA8980-ACE8-4C5C-9D7C-7DE0D9C276F2}.Debug|Any CPU.ActiveCfg = Debug|Any CPU
		{2AFA8980-ACE8-4C5C-9D7C-7DE0D9C276F2}.Debug|Any CPU.Build.0 = Debug|Any CPU
		{2AFA8980-ACE8-4C5C-9D7C-7DE0D9C276F2}.Release|Any CPU.ActiveCfg = Release|Any CPU
		{2AFA8980-ACE8-4C5C-9D7C-7DE0D9C276F2}.Release|Any CPU.Build.0 = Release|Any CPU
		{FE5CE31E-0461-410F-874F-65EDE074C89C}.Debug|Any CPU.ActiveCfg = Debug|Any CPU
		{FE5CE31E-0461-410F-874F-65EDE074C89C}.Debug|Any CPU.Build.0 = Debug|Any CPU
		{FE5CE31E-0461-410F-874F-65EDE074C89C}.Release|Any CPU.ActiveCfg = Release|Any CPU
		{FE5CE31E-0461-410F-874F-65EDE074C89C}.Release|Any CPU.Build.0 = Release|Any CPU
		{8B430A27-B392-4129-9AA2-731A52427E40}.Debug|Any CPU.ActiveCfg = Debug|Any CPU
		{8B430A27-B392-4129-9AA2-731A52427E40}.Debug|Any CPU.Build.0 = Debug|Any CPU
		{8B430A27-B392-4129-9AA2-731A52427E40}.Release|Any CPU.ActiveCfg = Release|Any CPU
		{8B430A27-B392-4129-9AA2-731A52427E40}.Release|Any CPU.Build.0 = Release|Any CPU
		{81A84C3B-EC88-4746-AA4D-247DD1F66EB6}.Debug|Any CPU.ActiveCfg = Debug|Any CPU
		{81A84C3B-EC88-4746-AA4D-247DD1F66EB6}.Debug|Any CPU.Build.0 = Debug|Any CPU
		{81A84C3B-EC88-4746-AA4D-247DD1F66EB6}.Release|Any CPU.ActiveCfg = Release|Any CPU
		{81A84C3B-EC88-4746-AA4D-247DD1F66EB6}.Release|Any CPU.Build.0 = Release|Any CPU
		{B50ADCF8-CD33-46BE-902D-359A4EDFECA7}.Debug|Any CPU.ActiveCfg = Debug|Any CPU
		{B50ADCF8-CD33-46BE-902D-359A4EDFECA7}.Debug|Any CPU.Build.0 = Debug|Any CPU
		{B50ADCF8-CD33-46BE-902D-359A4EDFECA7}.Release|Any CPU.ActiveCfg = Release|Any CPU
		{B50ADCF8-CD33-46BE-902D-359A4EDFECA7}.Release|Any CPU.Build.0 = Release|Any CPU
		{1F698A62-C461-4A8A-9D81-FFEF09C0DC52}.Debug|Any CPU.ActiveCfg = Debug|Any CPU
		{1F698A62-C461-4A8A-9D81-FFEF09C0DC52}.Debug|Any CPU.Build.0 = Debug|Any CPU
		{1F698A62-C461-4A8A-9D81-FFEF09C0DC52}.Release|Any CPU.ActiveCfg = Release|Any CPU
		{1F698A62-C461-4A8A-9D81-FFEF09C0DC52}.Release|Any CPU.Build.0 = Release|Any CPU
	EndGlobalSection
	GlobalSection(SolutionProperties) = preSolution
		HideSolutionNode = FALSE
	EndGlobalSection
	GlobalSection(NestedProjects) = preSolution
		{DDEE1CE2-7283-4394-8FCF-514E8581F10F} = {43177359-B2EC-460E-AB92-1FACB29048B1}
		{04A22C35-9D49-41FA-9E09-881680D658AF} = {880DD952-EC23-463F-BC5B-E92B47BB2041}
		{9E39C9C9-C05C-4D79-ADAA-22C287E02F78} = {880DD952-EC23-463F-BC5B-E92B47BB2041}
		{D51477D2-F3E1-46ED-8B2B-C66E0881CA8D} = {880DD952-EC23-463F-BC5B-E92B47BB2041}
		{3A39B4AA-55BC-4E74-8F2D-27CDD67B7E13} = {880DD952-EC23-463F-BC5B-E92B47BB2041}
		{20A454D0-A030-4266-80C0-D7CB07CE6876} = {AE4A1640-9963-41C6-9F1F-CABDF10C0A4E}
		{6D7AC972-0EE2-44A8-B259-6C2046202670} = {AE4A1640-9963-41C6-9F1F-CABDF10C0A4E}
		{2AFA8980-ACE8-4C5C-9D7C-7DE0D9C276F2} = {AE4A1640-9963-41C6-9F1F-CABDF10C0A4E}
		{FE5CE31E-0461-410F-874F-65EDE074C89C} = {880DD952-EC23-463F-BC5B-E92B47BB2041}
		{8B430A27-B392-4129-9AA2-731A52427E40} = {223279C5-1EB1-4978-B9AC-152A1C1D563E}
		{81A84C3B-EC88-4746-AA4D-247DD1F66EB6} = {223279C5-1EB1-4978-B9AC-152A1C1D563E}
		{B50ADCF8-CD33-46BE-902D-359A4EDFECA7} = {223279C5-1EB1-4978-B9AC-152A1C1D563E}
		{1F698A62-C461-4A8A-9D81-FFEF09C0DC52} = {43177359-B2EC-460E-AB92-1FACB29048B1}
	EndGlobalSection
	GlobalSection(ExtensibilityGlobals) = postSolution
		SolutionGuid = {05C6C3D9-0063-47AB-BC11-315B396BEBD0}
	EndGlobalSection
EndGlobal
