
Microsoft Visual Studio Solution File, Format Version 12.00
# Visual Studio 2012
Project("{FAE04EC0-301F-11D3-BF4B-00C04F79EFBC}") = "translationSearcher", "translationSearcher\translationSearcher.csproj", "{2A94259B-8B43-4466-876A-85D590ADA097}"
EndProject
Global
	GlobalSection(SolutionConfigurationPlatforms) = preSolution
		Debug|Any CPU = Debug|Any CPU
		Release|Any CPU = Release|Any CPU
	EndGlobalSection
	GlobalSection(ProjectConfigurationPlatforms) = postSolution
		{2A94259B-8B43-4466-876A-85D590ADA097}.Debug|Any CPU.ActiveCfg = Debug|Any CPU
		{2A94259B-8B43-4466-876A-85D590ADA097}.Debug|Any CPU.Build.0 = Debug|Any CPU
		{2A94259B-8B43-4466-876A-85D590ADA097}.Release|Any CPU.ActiveCfg = Release|Any CPU
		{2A94259B-8B43-4466-876A-85D590ADA097}.Release|Any CPU.Build.0 = Release|Any CPU
	EndGlobalSection
	GlobalSection(SolutionProperties) = preSolution
		HideSolutionNode = FALSE
	EndGlobalSection
EndGlobal
